// !$*UTF8*$!
{
	archiveVersion = 1;
	classes = {
	};
	objectVersion = 46;
	objects = {

/* Begin PBXBuildFile section */
		26F599390836D839C6C0A3AD /* libPods-MHRefresh.a in Frameworks */ = {isa = PBXBuildFile; fileRef = 6170A4A14039BBA741EEAAD2 /* libPods-MHRefresh.a */; };
		8B195B851F5F9C8D005D6321 /* MCameraController.m in Sources */ = {isa = PBXBuildFile; fileRef = 8B195B841F5F9C8D005D6321 /* MCameraController.m */; };
		8B195B881F5F9CBE005D6321 /* MCameraView.m in Sources */ = {isa = PBXBuildFile; fileRef = 8B195B871F5F9CBE005D6321 /* MCameraView.m */; };
		8B195B8B1F5FF54F005D6321 /* MDeviceOrientationModel.m in Sources */ = {isa = PBXBuildFile; fileRef = 8B195B8A1F5FF54F005D6321 /* MDeviceOrientationModel.m */; };
		8B195B8E1F6005E7005D6321 /* MCameraPhotoModel.m in Sources */ = {isa = PBXBuildFile; fileRef = 8B195B8D1F6005E7005D6321 /* MCameraPhotoModel.m */; };
		8B195B921F60210C005D6321 /* UIImage+SMExtension.m in Sources */ = {isa = PBXBuildFile; fileRef = 8B195B911F60210C005D6321 /* UIImage+SMExtension.m */; };
		8B195B941F60D706005D6321 /* MCameraMedia.xcassets in Resources */ = {isa = PBXBuildFile; fileRef = 8B195B931F60D706005D6321 /* MCameraMedia.xcassets */; };
		8B195B981F60D762005D6321 /* MPhotoAlbumController.m in Sources */ = {isa = PBXBuildFile; fileRef = 8B195B971F60D762005D6321 /* MPhotoAlbumController.m */; };
		8B195B9B1F60D7D9005D6321 /* MPhotoAlbumModel.m in Sources */ = {isa = PBXBuildFile; fileRef = 8B195B9A1F60D7D9005D6321 /* MPhotoAlbumModel.m */; };
		8B195B9E1F60D8CF005D6321 /* NSData+MImageType.m in Sources */ = {isa = PBXBuildFile; fileRef = 8B195B9D1F60D8CF005D6321 /* NSData+MImageType.m */; };
		8B195BA11F60DC95005D6321 /* MPhotoAlbumHelp.m in Sources */ = {isa = PBXBuildFile; fileRef = 8B195BA01F60DC95005D6321 /* MPhotoAlbumHelp.m */; };
		8B195BA41F60DE22005D6321 /* MPhotoModel.m in Sources */ = {isa = PBXBuildFile; fileRef = 8B195BA31F60DE22005D6321 /* MPhotoModel.m */; };
		8B195BA71F60E65F005D6321 /* MGifDataCache.m in Sources */ = {isa = PBXBuildFile; fileRef = 8B195BA61F60E65F005D6321 /* MGifDataCache.m */; };
		8B195BAD1F60EE56005D6321 /* MPhotoCollectionViewCell.m in Sources */ = {isa = PBXBuildFile; fileRef = 8B195BAC1F60EE56005D6321 /* MPhotoCollectionViewCell.m */; };
		8B195BC11F6119DF005D6321 /* CGGeometry+RSKImageCropper.m in Sources */ = {isa = PBXBuildFile; fileRef = 8B195BB01F6119DE005D6321 /* CGGeometry+RSKImageCropper.m */; };
		8B195BC21F6119DF005D6321 /* RSKImageCropperStrings.bundle in Resources */ = {isa = PBXBuildFile; fileRef = 8B195BB31F6119DE005D6321 /* RSKImageCropperStrings.bundle */; };
		8B195BC31F6119DF005D6321 /* RSKImageCropViewController.m in Sources */ = {isa = PBXBuildFile; fileRef = 8B195BB61F6119DE005D6321 /* RSKImageCropViewController.m */; };
		8B195BC41F6119DF005D6321 /* RSKImageScrollView.m in Sources */ = {isa = PBXBuildFile; fileRef = 8B195BB81F6119DE005D6321 /* RSKImageScrollView.m */; };
		8B195BC51F6119DF005D6321 /* RSKInternalUtility.m in Sources */ = {isa = PBXBuildFile; fileRef = 8B195BBA1F6119DE005D6321 /* RSKInternalUtility.m */; };
		8B195BC61F6119DF005D6321 /* RSKTouchView.m in Sources */ = {isa = PBXBuildFile; fileRef = 8B195BBC1F6119DF005D6321 /* RSKTouchView.m */; };
		8B195BC71F6119DF005D6321 /* UIApplication+RSKImageCropper.m in Sources */ = {isa = PBXBuildFile; fileRef = 8B195BBE1F6119DF005D6321 /* UIApplication+RSKImageCropper.m */; };
		8B195BC81F6119DF005D6321 /* UIImage+RSKImageCropper.m in Sources */ = {isa = PBXBuildFile; fileRef = 8B195BC01F6119DF005D6321 /* UIImage+RSKImageCropper.m */; };
		8B195BD21F611E22005D6321 /* MImagePickerController.m in Sources */ = {isa = PBXBuildFile; fileRef = 8B195BCF1F611E22005D6321 /* MImagePickerController.m */; };
		8B195BD51F611E8A005D6321 /* MPhotoAuthorizationHelpModel.m in Sources */ = {isa = PBXBuildFile; fileRef = 8B195BD41F611E8A005D6321 /* MPhotoAuthorizationHelpModel.m */; };
		8B195BD91F6125D7005D6321 /* MImageCropDelegateModel.m in Sources */ = {isa = PBXBuildFile; fileRef = 8B195BD81F6125D7005D6321 /* MImageCropDelegateModel.m */; };
		8B195CA41F6284C2005D6321 /* UIView+QYFrame.m in Sources */ = {isa = PBXBuildFile; fileRef = 8B195CA31F6284C2005D6321 /* UIView+QYFrame.m */; };
		8B195CA71F62874D005D6321 /* UIView+QYDebug.m in Sources */ = {isa = PBXBuildFile; fileRef = 8B195CA61F62874D005D6321 /* UIView+QYDebug.m */; };
		8B195CAA1F628BB2005D6321 /* UIView+QYNib.m in Sources */ = {isa = PBXBuildFile; fileRef = 8B195CA91F628BB2005D6321 /* UIView+QYNib.m */; };
		8B195CAD1F628EC1005D6321 /* UIView+QYScreenshot.m in Sources */ = {isa = PBXBuildFile; fileRef = 8B195CAC1F628EC1005D6321 /* UIView+QYScreenshot.m */; };
		8B195CB01F6293A8005D6321 /* UIView+QYViewController.m in Sources */ = {isa = PBXBuildFile; fileRef = 8B195CAF1F6293A8005D6321 /* UIView+QYViewController.m */; };
		8B195CB31F629560005D6321 /* UIView+QYShake.m in Sources */ = {isa = PBXBuildFile; fileRef = 8B195CB21F629560005D6321 /* UIView+QYShake.m */; };
		8B195CB61F62AC7C005D6321 /* UIView+QYVisuals.m in Sources */ = {isa = PBXBuildFile; fileRef = 8B195CB51F62AC7C005D6321 /* UIView+QYVisuals.m */; };
		8B195CB91F62BDEB005D6321 /* UIView+QYFind.m in Sources */ = {isa = PBXBuildFile; fileRef = 8B195CB81F62BDEB005D6321 /* UIView+QYFind.m */; };
		8B195CBF1F62C0BF005D6321 /* UIViewController+QYVisible.m in Sources */ = {isa = PBXBuildFile; fileRef = 8B195CBE1F62C0BF005D6321 /* UIViewController+QYVisible.m */; };
		8B195CC21F62C140005D6321 /* UIWindow+QYHierarchy.m in Sources */ = {isa = PBXBuildFile; fileRef = 8B195CC11F62C140005D6321 /* UIWindow+QYHierarchy.m */; };
		8B21F00D1F4C49C7004C0508 /* YXAnnotationShapeView.m in Sources */ = {isa = PBXBuildFile; fileRef = 8B21EFFF1F4C49C7004C0508 /* YXAnnotationShapeView.m */; };
		8B21F00E1F4C49C7004C0508 /* YXAnnotationShapeViewAction.m in Sources */ = {isa = PBXBuildFile; fileRef = 8B21F0011F4C49C7004C0508 /* YXAnnotationShapeViewAction.m */; };
		8B21F00F1F4C49C7004C0508 /* YXAnnotationTabbarView.m in Sources */ = {isa = PBXBuildFile; fileRef = 8B21F0031F4C49C7004C0508 /* YXAnnotationTabbarView.m */; };
		8B21F0101F4C49C7004C0508 /* YXAnnotationView.m in Sources */ = {isa = PBXBuildFile; fileRef = 8B21F0051F4C49C7004C0508 /* YXAnnotationView.m */; };
		8B21F0111F4C49C7004C0508 /* YXAnnotationViewController.m in Sources */ = {isa = PBXBuildFile; fileRef = 8B21F0071F4C49C7004C0508 /* YXAnnotationViewController.m */; };
		8B21F0121F4C49C7004C0508 /* YXButton.m in Sources */ = {isa = PBXBuildFile; fileRef = 8B21F0091F4C49C7004C0508 /* YXButton.m */; };
		8B21F0131F4C49C7004C0508 /* YXCollectionViewCell.m in Sources */ = {isa = PBXBuildFile; fileRef = 8B21F00B1F4C49C7004C0508 /* YXCollectionViewCell.m */; };
		8B21F0141F4C49C7004C0508 /* YXMedia.xcassets in Resources */ = {isa = PBXBuildFile; fileRef = 8B21F00C1F4C49C7004C0508 /* YXMedia.xcassets */; };
		8B3941E31F46D153002100F6 /* UIView+SMExtension.m in Sources */ = {isa = PBXBuildFile; fileRef = 8B3941E21F46D153002100F6 /* UIView+SMExtension.m */; };
		8B5CA5CD1F2AE0CD0098EE69 /* MFPSMonitor.m in Sources */ = {isa = PBXBuildFile; fileRef = 8B5CA5C81F2AE0CD0098EE69 /* MFPSMonitor.m */; };
		8B5CA5CE1F2AE0CD0098EE69 /* MFPSMonitorLabel.m in Sources */ = {isa = PBXBuildFile; fileRef = 8B5CA5CA1F2AE0CD0098EE69 /* MFPSMonitorLabel.m */; };
		8B5CA5CF1F2AE0CD0098EE69 /* MFPSMonitorWindow.m in Sources */ = {isa = PBXBuildFile; fileRef = 8B5CA5CC1F2AE0CD0098EE69 /* MFPSMonitorWindow.m */; };
		8B5D1FFD1F26F9E900DD1898 /* main.m in Sources */ = {isa = PBXBuildFile; fileRef = 8B5D1FFC1F26F9E900DD1898 /* main.m */; };
		8B5D20001F26F9E900DD1898 /* AppDelegate.m in Sources */ = {isa = PBXBuildFile; fileRef = 8B5D1FFF1F26F9E900DD1898 /* AppDelegate.m */; };
		8B5D20031F26F9E900DD1898 /* ViewController.m in Sources */ = {isa = PBXBuildFile; fileRef = 8B5D20021F26F9E900DD1898 /* ViewController.m */; };
		8B5D20061F26F9E900DD1898 /* Main.storyboard in Resources */ = {isa = PBXBuildFile; fileRef = 8B5D20041F26F9E900DD1898 /* Main.storyboard */; };
		8B5D20081F26F9E900DD1898 /* Assets.xcassets in Resources */ = {isa = PBXBuildFile; fileRef = 8B5D20071F26F9E900DD1898 /* Assets.xcassets */; };
		8B5D200B1F26F9E900DD1898 /* LaunchScreen.storyboard in Resources */ = {isa = PBXBuildFile; fileRef = 8B5D20091F26F9E900DD1898 /* LaunchScreen.storyboard */; };
		8B8BB9991F3316E40071D0AF /* File in Resources */ = {isa = PBXBuildFile; fileRef = 8B8BB9981F3316E40071D0AF /* File */; };
		8B8BB9AE1F342C550071D0AF /* MWebKitURLProtocol.m in Sources */ = {isa = PBXBuildFile; fileRef = 8B8BB99E1F342C550071D0AF /* MWebKitURLProtocol.m */; };
		8B8BB9AF1F342C550071D0AF /* MWebView.m in Sources */ = {isa = PBXBuildFile; fileRef = 8B8BB9A01F342C550071D0AF /* MWebView.m */; };
		8B8BB9B01F342C550071D0AF /* MWebViewCache.m in Sources */ = {isa = PBXBuildFile; fileRef = 8B8BB9A21F342C550071D0AF /* MWebViewCache.m */; };
		8B8BB9B11F342C550071D0AF /* NSURLProtocol+MWebKitSupport.m in Sources */ = {isa = PBXBuildFile; fileRef = 8B8BB9A51F342C550071D0AF /* NSURLProtocol+MWebKitSupport.m */; };
		8B8BB9B21F342C550071D0AF /* UIWebView+MCache.m in Sources */ = {isa = PBXBuildFile; fileRef = 8B8BB9A71F342C550071D0AF /* UIWebView+MCache.m */; };
		8B8BB9B31F342C550071D0AF /* UIWebView+MElementFrame.m in Sources */ = {isa = PBXBuildFile; fileRef = 8B8BB9A91F342C550071D0AF /* UIWebView+MElementFrame.m */; };
		8B8BB9B41F342C550071D0AF /* WKWebView+MClearCache.m in Sources */ = {isa = PBXBuildFile; fileRef = 8B8BB9AB1F342C550071D0AF /* WKWebView+MClearCache.m */; };
		8B8BB9B51F342C550071D0AF /* WKWebView+MElementFrame.m in Sources */ = {isa = PBXBuildFile; fileRef = 8B8BB9AD1F342C550071D0AF /* WKWebView+MElementFrame.m */; };
		8B8BB9BD1F342DDD0071D0AF /* MWebLinkLoadingView.m in Sources */ = {isa = PBXBuildFile; fileRef = 8B8BB9BA1F342DDD0071D0AF /* MWebLinkLoadingView.m */; };
		8B8BB9BE1F342DDD0071D0AF /* MWebViewProgress.m in Sources */ = {isa = PBXBuildFile; fileRef = 8B8BB9BC1F342DDD0071D0AF /* MWebViewProgress.m */; };
		8B8BB9C11F342F270071D0AF /* NSString+Path.m in Sources */ = {isa = PBXBuildFile; fileRef = 8B8BB9C01F342F270071D0AF /* NSString+Path.m */; };
		8B8BB9C41F342FE30071D0AF /* UIView+WebViewExtern.m in Sources */ = {isa = PBXBuildFile; fileRef = 8B8BB9C31F342FE30071D0AF /* UIView+WebViewExtern.m */; };
		8B8BB9CC1F3463880071D0AF /* UIButton+Touch.m in Sources */ = {isa = PBXBuildFile; fileRef = 8B8BB9CB1F3463880071D0AF /* UIButton+Touch.m */; };
		8B8BB9D21F34638F0071D0AF /* MHRefreshScrollView.m in Sources */ = {isa = PBXBuildFile; fileRef = 8B8BB9CF1F34638F0071D0AF /* MHRefreshScrollView.m */; };
		8B8BB9D31F34638F0071D0AF /* MPreviewCardView.m in Sources */ = {isa = PBXBuildFile; fileRef = 8B8BB9D11F34638F0071D0AF /* MPreviewCardView.m */; };
		8B8BBA971F3466240071D0AF /* MNetworkConfig.m in Sources */ = {isa = PBXBuildFile; fileRef = 8B8BBA961F3466240071D0AF /* MNetworkConfig.m */; };
		8B8BBA9E1F346BA80071D0AF /* MNetworkBaseRequest.m in Sources */ = {isa = PBXBuildFile; fileRef = 8B8BBA9D1F346BA80071D0AF /* MNetworkBaseRequest.m */; };
		8B8BBAA11F3485E70071D0AF /* MNetworkRequest.m in Sources */ = {isa = PBXBuildFile; fileRef = 8B8BBAA01F3485E70071D0AF /* MNetworkRequest.m */; };
		8B8BBAA41F34876D0071D0AF /* MNetworkDownloadRequest.m in Sources */ = {isa = PBXBuildFile; fileRef = 8B8BBAA31F34876D0071D0AF /* MNetworkDownloadRequest.m */; };
		8B8BBAA71F348E130071D0AF /* MNetworkAgent.m in Sources */ = {isa = PBXBuildFile; fileRef = 8B8BBAA61F348E130071D0AF /* MNetworkAgent.m */; };
		8B9096131F3C47EB00B2EF74 /* MNetworkGroupRequest.m in Sources */ = {isa = PBXBuildFile; fileRef = 8B9096121F3C47EB00B2EF74 /* MNetworkGroupRequest.m */; };
/* End PBXBuildFile section */

/* Begin PBXFileReference section */
		6170A4A14039BBA741EEAAD2 /* libPods-MHRefresh.a */ = {isa = PBXFileReference; explicitFileType = archive.ar; includeInIndex = 0; path = "libPods-MHRefresh.a"; sourceTree = BUILT_PRODUCTS_DIR; };
		8B195B831F5F9C8D005D6321 /* MCameraController.h */ = {isa = PBXFileReference; fileEncoding = 4; lastKnownFileType = sourcecode.c.h; path = MCameraController.h; sourceTree = "<group>"; };
		8B195B841F5F9C8D005D6321 /* MCameraController.m */ = {isa = PBXFileReference; fileEncoding = 4; lastKnownFileType = sourcecode.c.objc; path = MCameraController.m; sourceTree = "<group>"; };
		8B195B861F5F9CBE005D6321 /* MCameraView.h */ = {isa = PBXFileReference; fileEncoding = 4; lastKnownFileType = sourcecode.c.h; path = MCameraView.h; sourceTree = "<group>"; };
		8B195B871F5F9CBE005D6321 /* MCameraView.m */ = {isa = PBXFileReference; fileEncoding = 4; lastKnownFileType = sourcecode.c.objc; path = MCameraView.m; sourceTree = "<group>"; };
		8B195B891F5FF54F005D6321 /* MDeviceOrientationModel.h */ = {isa = PBXFileReference; fileEncoding = 4; lastKnownFileType = sourcecode.c.h; path = MDeviceOrientationModel.h; sourceTree = "<group>"; };
		8B195B8A1F5FF54F005D6321 /* MDeviceOrientationModel.m */ = {isa = PBXFileReference; fileEncoding = 4; lastKnownFileType = sourcecode.c.objc; path = MDeviceOrientationModel.m; sourceTree = "<group>"; };
		8B195B8C1F6005E7005D6321 /* MCameraPhotoModel.h */ = {isa = PBXFileReference; fileEncoding = 4; lastKnownFileType = sourcecode.c.h; path = MCameraPhotoModel.h; sourceTree = "<group>"; };
		8B195B8D1F6005E7005D6321 /* MCameraPhotoModel.m */ = {isa = PBXFileReference; fileEncoding = 4; lastKnownFileType = sourcecode.c.objc; path = MCameraPhotoModel.m; sourceTree = "<group>"; };
		8B195B901F60210C005D6321 /* UIImage+SMExtension.h */ = {isa = PBXFileReference; fileEncoding = 4; lastKnownFileType = sourcecode.c.h; path = "UIImage+SMExtension.h"; sourceTree = "<group>"; };
		8B195B911F60210C005D6321 /* UIImage+SMExtension.m */ = {isa = PBXFileReference; fileEncoding = 4; lastKnownFileType = sourcecode.c.objc; path = "UIImage+SMExtension.m"; sourceTree = "<group>"; };
		8B195B931F60D706005D6321 /* MCameraMedia.xcassets */ = {isa = PBXFileReference; lastKnownFileType = folder.assetcatalog; path = MCameraMedia.xcassets; sourceTree = "<group>"; };
		8B195B961F60D762005D6321 /* MPhotoAlbumController.h */ = {isa = PBXFileReference; fileEncoding = 4; lastKnownFileType = sourcecode.c.h; path = MPhotoAlbumController.h; sourceTree = "<group>"; };
		8B195B971F60D762005D6321 /* MPhotoAlbumController.m */ = {isa = PBXFileReference; fileEncoding = 4; lastKnownFileType = sourcecode.c.objc; path = MPhotoAlbumController.m; sourceTree = "<group>"; };
		8B195B991F60D7D9005D6321 /* MPhotoAlbumModel.h */ = {isa = PBXFileReference; fileEncoding = 4; lastKnownFileType = sourcecode.c.h; path = MPhotoAlbumModel.h; sourceTree = "<group>"; };
		8B195B9A1F60D7D9005D6321 /* MPhotoAlbumModel.m */ = {isa = PBXFileReference; fileEncoding = 4; lastKnownFileType = sourcecode.c.objc; path = MPhotoAlbumModel.m; sourceTree = "<group>"; };
		8B195B9C1F60D8CF005D6321 /* NSData+MImageType.h */ = {isa = PBXFileReference; fileEncoding = 4; lastKnownFileType = sourcecode.c.h; path = "NSData+MImageType.h"; sourceTree = "<group>"; };
		8B195B9D1F60D8CF005D6321 /* NSData+MImageType.m */ = {isa = PBXFileReference; fileEncoding = 4; lastKnownFileType = sourcecode.c.objc; path = "NSData+MImageType.m"; sourceTree = "<group>"; };
		8B195B9F1F60DC95005D6321 /* MPhotoAlbumHelp.h */ = {isa = PBXFileReference; fileEncoding = 4; lastKnownFileType = sourcecode.c.h; path = MPhotoAlbumHelp.h; sourceTree = "<group>"; };
		8B195BA01F60DC95005D6321 /* MPhotoAlbumHelp.m */ = {isa = PBXFileReference; fileEncoding = 4; lastKnownFileType = sourcecode.c.objc; path = MPhotoAlbumHelp.m; sourceTree = "<group>"; };
		8B195BA21F60DE22005D6321 /* MPhotoModel.h */ = {isa = PBXFileReference; fileEncoding = 4; lastKnownFileType = sourcecode.c.h; path = MPhotoModel.h; sourceTree = "<group>"; };
		8B195BA31F60DE22005D6321 /* MPhotoModel.m */ = {isa = PBXFileReference; fileEncoding = 4; lastKnownFileType = sourcecode.c.objc; path = MPhotoModel.m; sourceTree = "<group>"; };
		8B195BA51F60E65F005D6321 /* MGifDataCache.h */ = {isa = PBXFileReference; fileEncoding = 4; lastKnownFileType = sourcecode.c.h; path = MGifDataCache.h; sourceTree = "<group>"; };
		8B195BA61F60E65F005D6321 /* MGifDataCache.m */ = {isa = PBXFileReference; fileEncoding = 4; lastKnownFileType = sourcecode.c.objc; path = MGifDataCache.m; sourceTree = "<group>"; };
		8B195BAB1F60EE56005D6321 /* MPhotoCollectionViewCell.h */ = {isa = PBXFileReference; fileEncoding = 4; lastKnownFileType = sourcecode.c.h; path = MPhotoCollectionViewCell.h; sourceTree = "<group>"; };
		8B195BAC1F60EE56005D6321 /* MPhotoCollectionViewCell.m */ = {isa = PBXFileReference; fileEncoding = 4; lastKnownFileType = sourcecode.c.objc; path = MPhotoCollectionViewCell.m; sourceTree = "<group>"; };
		8B195BAF1F6119DE005D6321 /* CGGeometry+RSKImageCropper.h */ = {isa = PBXFileReference; fileEncoding = 4; lastKnownFileType = sourcecode.c.h; path = "CGGeometry+RSKImageCropper.h"; sourceTree = "<group>"; };
		8B195BB01F6119DE005D6321 /* CGGeometry+RSKImageCropper.m */ = {isa = PBXFileReference; fileEncoding = 4; lastKnownFileType = sourcecode.c.objc; path = "CGGeometry+RSKImageCropper.m"; sourceTree = "<group>"; };
		8B195BB11F6119DE005D6321 /* module.modulemap */ = {isa = PBXFileReference; fileEncoding = 4; lastKnownFileType = "sourcecode.module-map"; path = module.modulemap; sourceTree = "<group>"; };
		8B195BB21F6119DE005D6321 /* RSKImageCropper.h */ = {isa = PBXFileReference; fileEncoding = 4; lastKnownFileType = sourcecode.c.h; path = RSKImageCropper.h; sourceTree = "<group>"; };
		8B195BB31F6119DE005D6321 /* RSKImageCropperStrings.bundle */ = {isa = PBXFileReference; lastKnownFileType = "wrapper.plug-in"; path = RSKImageCropperStrings.bundle; sourceTree = "<group>"; };
		8B195BB41F6119DE005D6321 /* RSKImageCropViewController+Protected.h */ = {isa = PBXFileReference; fileEncoding = 4; lastKnownFileType = sourcecode.c.h; path = "RSKImageCropViewController+Protected.h"; sourceTree = "<group>"; };
		8B195BB51F6119DE005D6321 /* RSKImageCropViewController.h */ = {isa = PBXFileReference; fileEncoding = 4; lastKnownFileType = sourcecode.c.h; path = RSKImageCropViewController.h; sourceTree = "<group>"; };
		8B195BB61F6119DE005D6321 /* RSKImageCropViewController.m */ = {isa = PBXFileReference; fileEncoding = 4; lastKnownFileType = sourcecode.c.objc; path = RSKImageCropViewController.m; sourceTree = "<group>"; };
		8B195BB71F6119DE005D6321 /* RSKImageScrollView.h */ = {isa = PBXFileReference; fileEncoding = 4; lastKnownFileType = sourcecode.c.h; path = RSKImageScrollView.h; sourceTree = "<group>"; };
		8B195BB81F6119DE005D6321 /* RSKImageScrollView.m */ = {isa = PBXFileReference; fileEncoding = 4; lastKnownFileType = sourcecode.c.objc; path = RSKImageScrollView.m; sourceTree = "<group>"; };
		8B195BB91F6119DE005D6321 /* RSKInternalUtility.h */ = {isa = PBXFileReference; fileEncoding = 4; lastKnownFileType = sourcecode.c.h; path = RSKInternalUtility.h; sourceTree = "<group>"; };
		8B195BBA1F6119DE005D6321 /* RSKInternalUtility.m */ = {isa = PBXFileReference; fileEncoding = 4; lastKnownFileType = sourcecode.c.objc; path = RSKInternalUtility.m; sourceTree = "<group>"; };
		8B195BBB1F6119DE005D6321 /* RSKTouchView.h */ = {isa = PBXFileReference; fileEncoding = 4; lastKnownFileType = sourcecode.c.h; path = RSKTouchView.h; sourceTree = "<group>"; };
		8B195BBC1F6119DF005D6321 /* RSKTouchView.m */ = {isa = PBXFileReference; fileEncoding = 4; lastKnownFileType = sourcecode.c.objc; path = RSKTouchView.m; sourceTree = "<group>"; };
		8B195BBD1F6119DF005D6321 /* UIApplication+RSKImageCropper.h */ = {isa = PBXFileReference; fileEncoding = 4; lastKnownFileType = sourcecode.c.h; path = "UIApplication+RSKImageCropper.h"; sourceTree = "<group>"; };
		8B195BBE1F6119DF005D6321 /* UIApplication+RSKImageCropper.m */ = {isa = PBXFileReference; fileEncoding = 4; lastKnownFileType = sourcecode.c.objc; path = "UIApplication+RSKImageCropper.m"; sourceTree = "<group>"; };
		8B195BBF1F6119DF005D6321 /* UIImage+RSKImageCropper.h */ = {isa = PBXFileReference; fileEncoding = 4; lastKnownFileType = sourcecode.c.h; path = "UIImage+RSKImageCropper.h"; sourceTree = "<group>"; };
		8B195BC01F6119DF005D6321 /* UIImage+RSKImageCropper.m */ = {isa = PBXFileReference; fileEncoding = 4; lastKnownFileType = sourcecode.c.objc; path = "UIImage+RSKImageCropper.m"; sourceTree = "<group>"; };
		8B195BCE1F611E22005D6321 /* MImagePickerController.h */ = {isa = PBXFileReference; fileEncoding = 4; lastKnownFileType = sourcecode.c.h; path = MImagePickerController.h; sourceTree = "<group>"; };
		8B195BCF1F611E22005D6321 /* MImagePickerController.m */ = {isa = PBXFileReference; fileEncoding = 4; lastKnownFileType = sourcecode.c.objc; path = MImagePickerController.m; sourceTree = "<group>"; };
		8B195BD31F611E8A005D6321 /* MPhotoAuthorizationHelpModel.h */ = {isa = PBXFileReference; fileEncoding = 4; lastKnownFileType = sourcecode.c.h; path = MPhotoAuthorizationHelpModel.h; sourceTree = "<group>"; };
		8B195BD41F611E8A005D6321 /* MPhotoAuthorizationHelpModel.m */ = {isa = PBXFileReference; fileEncoding = 4; lastKnownFileType = sourcecode.c.objc; path = MPhotoAuthorizationHelpModel.m; sourceTree = "<group>"; };
		8B195BD71F6125D7005D6321 /* MImageCropDelegateModel.h */ = {isa = PBXFileReference; fileEncoding = 4; lastKnownFileType = sourcecode.c.h; path = MImageCropDelegateModel.h; sourceTree = "<group>"; };
		8B195BD81F6125D7005D6321 /* MImageCropDelegateModel.m */ = {isa = PBXFileReference; fileEncoding = 4; lastKnownFileType = sourcecode.c.objc; path = MImageCropDelegateModel.m; sourceTree = "<group>"; };
		8B195BDD1F6126D2005D6321 /* MImagePickerHeader.h */ = {isa = PBXFileReference; lastKnownFileType = sourcecode.c.h; path = MImagePickerHeader.h; sourceTree = "<group>"; };
		8B195BDE1F61477F005D6321 /* MCameraHeader.h */ = {isa = PBXFileReference; lastKnownFileType = sourcecode.c.h; path = MCameraHeader.h; sourceTree = "<group>"; };
		8B195CA11F627C50005D6321 /* QYMacros.h */ = {isa = PBXFileReference; lastKnownFileType = sourcecode.c.h; path = QYMacros.h; sourceTree = "<group>"; };
		8B195CA21F6284C2005D6321 /* UIView+QYFrame.h */ = {isa = PBXFileReference; fileEncoding = 4; lastKnownFileType = sourcecode.c.h; path = "UIView+QYFrame.h"; sourceTree = "<group>"; };
		8B195CA31F6284C2005D6321 /* UIView+QYFrame.m */ = {isa = PBXFileReference; fileEncoding = 4; lastKnownFileType = sourcecode.c.objc; path = "UIView+QYFrame.m"; sourceTree = "<group>"; };
		8B195CA51F62874D005D6321 /* UIView+QYDebug.h */ = {isa = PBXFileReference; fileEncoding = 4; lastKnownFileType = sourcecode.c.h; path = "UIView+QYDebug.h"; sourceTree = "<group>"; };
		8B195CA61F62874D005D6321 /* UIView+QYDebug.m */ = {isa = PBXFileReference; fileEncoding = 4; lastKnownFileType = sourcecode.c.objc; path = "UIView+QYDebug.m"; sourceTree = "<group>"; };
		8B195CA81F628BB2005D6321 /* UIView+QYNib.h */ = {isa = PBXFileReference; fileEncoding = 4; lastKnownFileType = sourcecode.c.h; path = "UIView+QYNib.h"; sourceTree = "<group>"; };
		8B195CA91F628BB2005D6321 /* UIView+QYNib.m */ = {isa = PBXFileReference; fileEncoding = 4; lastKnownFileType = sourcecode.c.objc; path = "UIView+QYNib.m"; sourceTree = "<group>"; };
		8B195CAB1F628EC1005D6321 /* UIView+QYScreenshot.h */ = {isa = PBXFileReference; fileEncoding = 4; lastKnownFileType = sourcecode.c.h; path = "UIView+QYScreenshot.h"; sourceTree = "<group>"; };
		8B195CAC1F628EC1005D6321 /* UIView+QYScreenshot.m */ = {isa = PBXFileReference; fileEncoding = 4; lastKnownFileType = sourcecode.c.objc; path = "UIView+QYScreenshot.m"; sourceTree = "<group>"; };
		8B195CAE1F6293A8005D6321 /* UIView+QYViewController.h */ = {isa = PBXFileReference; fileEncoding = 4; lastKnownFileType = sourcecode.c.h; path = "UIView+QYViewController.h"; sourceTree = "<group>"; };
		8B195CAF1F6293A8005D6321 /* UIView+QYViewController.m */ = {isa = PBXFileReference; fileEncoding = 4; lastKnownFileType = sourcecode.c.objc; path = "UIView+QYViewController.m"; sourceTree = "<group>"; };
		8B195CB11F629560005D6321 /* UIView+QYShake.h */ = {isa = PBXFileReference; fileEncoding = 4; lastKnownFileType = sourcecode.c.h; path = "UIView+QYShake.h"; sourceTree = "<group>"; };
		8B195CB21F629560005D6321 /* UIView+QYShake.m */ = {isa = PBXFileReference; fileEncoding = 4; lastKnownFileType = sourcecode.c.objc; path = "UIView+QYShake.m"; sourceTree = "<group>"; };
		8B195CB41F62AC7C005D6321 /* UIView+QYVisuals.h */ = {isa = PBXFileReference; fileEncoding = 4; lastKnownFileType = sourcecode.c.h; path = "UIView+QYVisuals.h"; sourceTree = "<group>"; };
		8B195CB51F62AC7C005D6321 /* UIView+QYVisuals.m */ = {isa = PBXFileReference; fileEncoding = 4; lastKnownFileType = sourcecode.c.objc; path = "UIView+QYVisuals.m"; sourceTree = "<group>"; };
		8B195CB71F62BDEB005D6321 /* UIView+QYFind.h */ = {isa = PBXFileReference; fileEncoding = 4; lastKnownFileType = sourcecode.c.h; path = "UIView+QYFind.h"; sourceTree = "<group>"; };
		8B195CB81F62BDEB005D6321 /* UIView+QYFind.m */ = {isa = PBXFileReference; fileEncoding = 4; lastKnownFileType = sourcecode.c.objc; path = "UIView+QYFind.m"; sourceTree = "<group>"; };
		8B195CBD1F62C0BF005D6321 /* UIViewController+QYVisible.h */ = {isa = PBXFileReference; fileEncoding = 4; lastKnownFileType = sourcecode.c.h; path = "UIViewController+QYVisible.h"; sourceTree = "<group>"; };
		8B195CBE1F62C0BF005D6321 /* UIViewController+QYVisible.m */ = {isa = PBXFileReference; fileEncoding = 4; lastKnownFileType = sourcecode.c.objc; path = "UIViewController+QYVisible.m"; sourceTree = "<group>"; };
		8B195CC01F62C140005D6321 /* UIWindow+QYHierarchy.h */ = {isa = PBXFileReference; fileEncoding = 4; lastKnownFileType = sourcecode.c.h; path = "UIWindow+QYHierarchy.h"; sourceTree = "<group>"; };
		8B195CC11F62C140005D6321 /* UIWindow+QYHierarchy.m */ = {isa = PBXFileReference; fileEncoding = 4; lastKnownFileType = sourcecode.c.objc; path = "UIWindow+QYHierarchy.m"; sourceTree = "<group>"; };
		8B21EFFD1F4C49C7004C0508 /* YXAnnotationConfig.h */ = {isa = PBXFileReference; fileEncoding = 4; lastKnownFileType = sourcecode.c.h; path = YXAnnotationConfig.h; sourceTree = "<group>"; };
		8B21EFFE1F4C49C7004C0508 /* YXAnnotationShapeView.h */ = {isa = PBXFileReference; fileEncoding = 4; lastKnownFileType = sourcecode.c.h; path = YXAnnotationShapeView.h; sourceTree = "<group>"; };
		8B21EFFF1F4C49C7004C0508 /* YXAnnotationShapeView.m */ = {isa = PBXFileReference; fileEncoding = 4; lastKnownFileType = sourcecode.c.objc; path = YXAnnotationShapeView.m; sourceTree = "<group>"; };
		8B21F0001F4C49C7004C0508 /* YXAnnotationShapeViewAction.h */ = {isa = PBXFileReference; fileEncoding = 4; lastKnownFileType = sourcecode.c.h; path = YXAnnotationShapeViewAction.h; sourceTree = "<group>"; };
		8B21F0011F4C49C7004C0508 /* YXAnnotationShapeViewAction.m */ = {isa = PBXFileReference; fileEncoding = 4; lastKnownFileType = sourcecode.c.objc; path = YXAnnotationShapeViewAction.m; sourceTree = "<group>"; };
		8B21F0021F4C49C7004C0508 /* YXAnnotationTabbarView.h */ = {isa = PBXFileReference; fileEncoding = 4; lastKnownFileType = sourcecode.c.h; path = YXAnnotationTabbarView.h; sourceTree = "<group>"; };
		8B21F0031F4C49C7004C0508 /* YXAnnotationTabbarView.m */ = {isa = PBXFileReference; fileEncoding = 4; lastKnownFileType = sourcecode.c.objc; path = YXAnnotationTabbarView.m; sourceTree = "<group>"; };
		8B21F0041F4C49C7004C0508 /* YXAnnotationView.h */ = {isa = PBXFileReference; fileEncoding = 4; lastKnownFileType = sourcecode.c.h; path = YXAnnotationView.h; sourceTree = "<group>"; };
		8B21F0051F4C49C7004C0508 /* YXAnnotationView.m */ = {isa = PBXFileReference; fileEncoding = 4; lastKnownFileType = sourcecode.c.objc; path = YXAnnotationView.m; sourceTree = "<group>"; };
		8B21F0061F4C49C7004C0508 /* YXAnnotationViewController.h */ = {isa = PBXFileReference; fileEncoding = 4; lastKnownFileType = sourcecode.c.h; path = YXAnnotationViewController.h; sourceTree = "<group>"; };
		8B21F0071F4C49C7004C0508 /* YXAnnotationViewController.m */ = {isa = PBXFileReference; fileEncoding = 4; lastKnownFileType = sourcecode.c.objc; path = YXAnnotationViewController.m; sourceTree = "<group>"; };
		8B21F0081F4C49C7004C0508 /* YXButton.h */ = {isa = PBXFileReference; fileEncoding = 4; lastKnownFileType = sourcecode.c.h; path = YXButton.h; sourceTree = "<group>"; };
		8B21F0091F4C49C7004C0508 /* YXButton.m */ = {isa = PBXFileReference; fileEncoding = 4; lastKnownFileType = sourcecode.c.objc; path = YXButton.m; sourceTree = "<group>"; };
		8B21F00A1F4C49C7004C0508 /* YXCollectionViewCell.h */ = {isa = PBXFileReference; fileEncoding = 4; lastKnownFileType = sourcecode.c.h; path = YXCollectionViewCell.h; sourceTree = "<group>"; };
		8B21F00B1F4C49C7004C0508 /* YXCollectionViewCell.m */ = {isa = PBXFileReference; fileEncoding = 4; lastKnownFileType = sourcecode.c.objc; path = YXCollectionViewCell.m; sourceTree = "<group>"; };
		8B21F00C1F4C49C7004C0508 /* YXMedia.xcassets */ = {isa = PBXFileReference; lastKnownFileType = folder.assetcatalog; path = YXMedia.xcassets; sourceTree = "<group>"; };
		8B3941E11F46D152002100F6 /* UIView+SMExtension.h */ = {isa = PBXFileReference; fileEncoding = 4; lastKnownFileType = sourcecode.c.h; path = "UIView+SMExtension.h"; sourceTree = "<group>"; };
		8B3941E21F46D153002100F6 /* UIView+SMExtension.m */ = {isa = PBXFileReference; fileEncoding = 4; lastKnownFileType = sourcecode.c.objc; path = "UIView+SMExtension.m"; sourceTree = "<group>"; };
		8B5CA5C71F2AE0CD0098EE69 /* MFPSMonitor.h */ = {isa = PBXFileReference; fileEncoding = 4; lastKnownFileType = sourcecode.c.h; path = MFPSMonitor.h; sourceTree = "<group>"; };
		8B5CA5C81F2AE0CD0098EE69 /* MFPSMonitor.m */ = {isa = PBXFileReference; fileEncoding = 4; lastKnownFileType = sourcecode.c.objc; path = MFPSMonitor.m; sourceTree = "<group>"; };
		8B5CA5C91F2AE0CD0098EE69 /* MFPSMonitorLabel.h */ = {isa = PBXFileReference; fileEncoding = 4; lastKnownFileType = sourcecode.c.h; path = MFPSMonitorLabel.h; sourceTree = "<group>"; };
		8B5CA5CA1F2AE0CD0098EE69 /* MFPSMonitorLabel.m */ = {isa = PBXFileReference; fileEncoding = 4; lastKnownFileType = sourcecode.c.objc; path = MFPSMonitorLabel.m; sourceTree = "<group>"; };
		8B5CA5CB1F2AE0CD0098EE69 /* MFPSMonitorWindow.h */ = {isa = PBXFileReference; fileEncoding = 4; lastKnownFileType = sourcecode.c.h; path = MFPSMonitorWindow.h; sourceTree = "<group>"; };
		8B5CA5CC1F2AE0CD0098EE69 /* MFPSMonitorWindow.m */ = {isa = PBXFileReference; fileEncoding = 4; lastKnownFileType = sourcecode.c.objc; path = MFPSMonitorWindow.m; sourceTree = "<group>"; };
		8B5CA5D01F2AE0D30098EE69 /* MMonitor.h */ = {isa = PBXFileReference; lastKnownFileType = sourcecode.c.h; path = MMonitor.h; sourceTree = "<group>"; };
		8B5D1FF81F26F9E900DD1898 /* MHRefresh.app */ = {isa = PBXFileReference; explicitFileType = wrapper.application; includeInIndex = 0; path = MHRefresh.app; sourceTree = BUILT_PRODUCTS_DIR; };
		8B5D1FFC1F26F9E900DD1898 /* main.m */ = {isa = PBXFileReference; lastKnownFileType = sourcecode.c.objc; path = main.m; sourceTree = "<group>"; };
		8B5D1FFE1F26F9E900DD1898 /* AppDelegate.h */ = {isa = PBXFileReference; lastKnownFileType = sourcecode.c.h; path = AppDelegate.h; sourceTree = "<group>"; };
		8B5D1FFF1F26F9E900DD1898 /* AppDelegate.m */ = {isa = PBXFileReference; lastKnownFileType = sourcecode.c.objc; path = AppDelegate.m; sourceTree = "<group>"; };
		8B5D20011F26F9E900DD1898 /* ViewController.h */ = {isa = PBXFileReference; lastKnownFileType = sourcecode.c.h; path = ViewController.h; sourceTree = "<group>"; };
		8B5D20021F26F9E900DD1898 /* ViewController.m */ = {isa = PBXFileReference; lastKnownFileType = sourcecode.c.objc; path = ViewController.m; sourceTree = "<group>"; };
		8B5D20051F26F9E900DD1898 /* Base */ = {isa = PBXFileReference; lastKnownFileType = file.storyboard; name = Base; path = Base.lproj/Main.storyboard; sourceTree = "<group>"; };
		8B5D20071F26F9E900DD1898 /* Assets.xcassets */ = {isa = PBXFileReference; lastKnownFileType = folder.assetcatalog; path = Assets.xcassets; sourceTree = "<group>"; };
		8B5D200A1F26F9E900DD1898 /* Base */ = {isa = PBXFileReference; lastKnownFileType = file.storyboard; name = Base; path = Base.lproj/LaunchScreen.storyboard; sourceTree = "<group>"; };
		8B5D200C1F26F9E900DD1898 /* Info.plist */ = {isa = PBXFileReference; lastKnownFileType = text.plist.xml; path = Info.plist; sourceTree = "<group>"; };
		8B5D20181F27003100DD1898 /* MPrefixHeader.pch */ = {isa = PBXFileReference; lastKnownFileType = sourcecode.c.h; path = MPrefixHeader.pch; sourceTree = "<group>"; };
		8B8BB9981F3316E40071D0AF /* File */ = {isa = PBXFileReference; fileEncoding = 4; lastKnownFileType = text; path = File; sourceTree = "<group>"; };
		8B8BB99D1F342C550071D0AF /* MWebKitURLProtocol.h */ = {isa = PBXFileReference; fileEncoding = 4; lastKnownFileType = sourcecode.c.h; path = MWebKitURLProtocol.h; sourceTree = "<group>"; };
		8B8BB99E1F342C550071D0AF /* MWebKitURLProtocol.m */ = {isa = PBXFileReference; fileEncoding = 4; lastKnownFileType = sourcecode.c.objc; path = MWebKitURLProtocol.m; sourceTree = "<group>"; };
		8B8BB99F1F342C550071D0AF /* MWebView.h */ = {isa = PBXFileReference; fileEncoding = 4; lastKnownFileType = sourcecode.c.h; path = MWebView.h; sourceTree = "<group>"; };
		8B8BB9A01F342C550071D0AF /* MWebView.m */ = {isa = PBXFileReference; fileEncoding = 4; lastKnownFileType = sourcecode.c.objc; path = MWebView.m; sourceTree = "<group>"; };
		8B8BB9A11F342C550071D0AF /* MWebViewCache.h */ = {isa = PBXFileReference; fileEncoding = 4; lastKnownFileType = sourcecode.c.h; path = MWebViewCache.h; sourceTree = "<group>"; };
		8B8BB9A21F342C550071D0AF /* MWebViewCache.m */ = {isa = PBXFileReference; fileEncoding = 4; lastKnownFileType = sourcecode.c.objc; path = MWebViewCache.m; sourceTree = "<group>"; };
		8B8BB9A31F342C550071D0AF /* MWebViewheader.h */ = {isa = PBXFileReference; fileEncoding = 4; lastKnownFileType = sourcecode.c.h; path = MWebViewheader.h; sourceTree = "<group>"; };
		8B8BB9A41F342C550071D0AF /* NSURLProtocol+MWebKitSupport.h */ = {isa = PBXFileReference; fileEncoding = 4; lastKnownFileType = sourcecode.c.h; path = "NSURLProtocol+MWebKitSupport.h"; sourceTree = "<group>"; };
		8B8BB9A51F342C550071D0AF /* NSURLProtocol+MWebKitSupport.m */ = {isa = PBXFileReference; fileEncoding = 4; lastKnownFileType = sourcecode.c.objc; path = "NSURLProtocol+MWebKitSupport.m"; sourceTree = "<group>"; };
		8B8BB9A61F342C550071D0AF /* UIWebView+MCache.h */ = {isa = PBXFileReference; fileEncoding = 4; lastKnownFileType = sourcecode.c.h; path = "UIWebView+MCache.h"; sourceTree = "<group>"; };
		8B8BB9A71F342C550071D0AF /* UIWebView+MCache.m */ = {isa = PBXFileReference; fileEncoding = 4; lastKnownFileType = sourcecode.c.objc; path = "UIWebView+MCache.m"; sourceTree = "<group>"; };
		8B8BB9A81F342C550071D0AF /* UIWebView+MElementFrame.h */ = {isa = PBXFileReference; fileEncoding = 4; lastKnownFileType = sourcecode.c.h; path = "UIWebView+MElementFrame.h"; sourceTree = "<group>"; };
		8B8BB9A91F342C550071D0AF /* UIWebView+MElementFrame.m */ = {isa = PBXFileReference; fileEncoding = 4; lastKnownFileType = sourcecode.c.objc; path = "UIWebView+MElementFrame.m"; sourceTree = "<group>"; };
		8B8BB9AA1F342C550071D0AF /* WKWebView+MClearCache.h */ = {isa = PBXFileReference; fileEncoding = 4; lastKnownFileType = sourcecode.c.h; path = "WKWebView+MClearCache.h"; sourceTree = "<group>"; };
		8B8BB9AB1F342C550071D0AF /* WKWebView+MClearCache.m */ = {isa = PBXFileReference; fileEncoding = 4; lastKnownFileType = sourcecode.c.objc; path = "WKWebView+MClearCache.m"; sourceTree = "<group>"; };
		8B8BB9AC1F342C550071D0AF /* WKWebView+MElementFrame.h */ = {isa = PBXFileReference; fileEncoding = 4; lastKnownFileType = sourcecode.c.h; path = "WKWebView+MElementFrame.h"; sourceTree = "<group>"; };
		8B8BB9AD1F342C550071D0AF /* WKWebView+MElementFrame.m */ = {isa = PBXFileReference; fileEncoding = 4; lastKnownFileType = sourcecode.c.objc; path = "WKWebView+MElementFrame.m"; sourceTree = "<group>"; };
		8B8BB9B91F342DDD0071D0AF /* MWebLinkLoadingView.h */ = {isa = PBXFileReference; fileEncoding = 4; lastKnownFileType = sourcecode.c.h; path = MWebLinkLoadingView.h; sourceTree = "<group>"; };
		8B8BB9BA1F342DDD0071D0AF /* MWebLinkLoadingView.m */ = {isa = PBXFileReference; fileEncoding = 4; lastKnownFileType = sourcecode.c.objc; path = MWebLinkLoadingView.m; sourceTree = "<group>"; };
		8B8BB9BB1F342DDD0071D0AF /* MWebViewProgress.h */ = {isa = PBXFileReference; fileEncoding = 4; lastKnownFileType = sourcecode.c.h; path = MWebViewProgress.h; sourceTree = "<group>"; };
		8B8BB9BC1F342DDD0071D0AF /* MWebViewProgress.m */ = {isa = PBXFileReference; fileEncoding = 4; lastKnownFileType = sourcecode.c.objc; path = MWebViewProgress.m; sourceTree = "<group>"; };
		8B8BB9BF1F342F270071D0AF /* NSString+Path.h */ = {isa = PBXFileReference; fileEncoding = 4; lastKnownFileType = sourcecode.c.h; path = "NSString+Path.h"; sourceTree = "<group>"; };
		8B8BB9C01F342F270071D0AF /* NSString+Path.m */ = {isa = PBXFileReference; fileEncoding = 4; lastKnownFileType = sourcecode.c.objc; path = "NSString+Path.m"; sourceTree = "<group>"; };
		8B8BB9C21F342FE30071D0AF /* UIView+WebViewExtern.h */ = {isa = PBXFileReference; fileEncoding = 4; lastKnownFileType = sourcecode.c.h; path = "UIView+WebViewExtern.h"; sourceTree = "<group>"; };
		8B8BB9C31F342FE30071D0AF /* UIView+WebViewExtern.m */ = {isa = PBXFileReference; fileEncoding = 4; lastKnownFileType = sourcecode.c.objc; path = "UIView+WebViewExtern.m"; sourceTree = "<group>"; };
		8B8BB9CA1F3463880071D0AF /* UIButton+Touch.h */ = {isa = PBXFileReference; fileEncoding = 4; lastKnownFileType = sourcecode.c.h; path = "UIButton+Touch.h"; sourceTree = "<group>"; };
		8B8BB9CB1F3463880071D0AF /* UIButton+Touch.m */ = {isa = PBXFileReference; fileEncoding = 4; lastKnownFileType = sourcecode.c.objc; path = "UIButton+Touch.m"; sourceTree = "<group>"; };
		8B8BB9CE1F34638F0071D0AF /* MHRefreshScrollView.h */ = {isa = PBXFileReference; fileEncoding = 4; lastKnownFileType = sourcecode.c.h; path = MHRefreshScrollView.h; sourceTree = "<group>"; };
		8B8BB9CF1F34638F0071D0AF /* MHRefreshScrollView.m */ = {isa = PBXFileReference; fileEncoding = 4; lastKnownFileType = sourcecode.c.objc; path = MHRefreshScrollView.m; sourceTree = "<group>"; };
		8B8BB9D01F34638F0071D0AF /* MPreviewCardView.h */ = {isa = PBXFileReference; fileEncoding = 4; lastKnownFileType = sourcecode.c.h; path = MPreviewCardView.h; sourceTree = "<group>"; };
		8B8BB9D11F34638F0071D0AF /* MPreviewCardView.m */ = {isa = PBXFileReference; fileEncoding = 4; lastKnownFileType = sourcecode.c.objc; path = MPreviewCardView.m; sourceTree = "<group>"; };
		8B8BBA941F3465C10071D0AF /* MNetRequestHeader.h */ = {isa = PBXFileReference; lastKnownFileType = sourcecode.c.h; path = MNetRequestHeader.h; sourceTree = "<group>"; };
		8B8BBA951F3466240071D0AF /* MNetworkConfig.h */ = {isa = PBXFileReference; fileEncoding = 4; lastKnownFileType = sourcecode.c.h; path = MNetworkConfig.h; sourceTree = "<group>"; };
		8B8BBA961F3466240071D0AF /* MNetworkConfig.m */ = {isa = PBXFileReference; fileEncoding = 4; lastKnownFileType = sourcecode.c.objc; path = MNetworkConfig.m; sourceTree = "<group>"; };
		8B8BBA9C1F346BA80071D0AF /* MNetworkBaseRequest.h */ = {isa = PBXFileReference; fileEncoding = 4; lastKnownFileType = sourcecode.c.h; path = MNetworkBaseRequest.h; sourceTree = "<group>"; };
		8B8BBA9D1F346BA80071D0AF /* MNetworkBaseRequest.m */ = {isa = PBXFileReference; fileEncoding = 4; lastKnownFileType = sourcecode.c.objc; path = MNetworkBaseRequest.m; sourceTree = "<group>"; };
		8B8BBA9F1F3485E70071D0AF /* MNetworkRequest.h */ = {isa = PBXFileReference; fileEncoding = 4; lastKnownFileType = sourcecode.c.h; path = MNetworkRequest.h; sourceTree = "<group>"; };
		8B8BBAA01F3485E70071D0AF /* MNetworkRequest.m */ = {isa = PBXFileReference; fileEncoding = 4; lastKnownFileType = sourcecode.c.objc; path = MNetworkRequest.m; sourceTree = "<group>"; };
		8B8BBAA21F34876D0071D0AF /* MNetworkDownloadRequest.h */ = {isa = PBXFileReference; fileEncoding = 4; lastKnownFileType = sourcecode.c.h; path = MNetworkDownloadRequest.h; sourceTree = "<group>"; };
		8B8BBAA31F34876D0071D0AF /* MNetworkDownloadRequest.m */ = {isa = PBXFileReference; fileEncoding = 4; lastKnownFileType = sourcecode.c.objc; path = MNetworkDownloadRequest.m; sourceTree = "<group>"; };
		8B8BBAA51F348E130071D0AF /* MNetworkAgent.h */ = {isa = PBXFileReference; fileEncoding = 4; lastKnownFileType = sourcecode.c.h; path = MNetworkAgent.h; sourceTree = "<group>"; };
		8B8BBAA61F348E130071D0AF /* MNetworkAgent.m */ = {isa = PBXFileReference; fileEncoding = 4; lastKnownFileType = sourcecode.c.objc; path = MNetworkAgent.m; sourceTree = "<group>"; };
		8B9096111F3C47EB00B2EF74 /* MNetworkGroupRequest.h */ = {isa = PBXFileReference; fileEncoding = 4; lastKnownFileType = sourcecode.c.h; path = MNetworkGroupRequest.h; sourceTree = "<group>"; };
		8B9096121F3C47EB00B2EF74 /* MNetworkGroupRequest.m */ = {isa = PBXFileReference; fileEncoding = 4; lastKnownFileType = sourcecode.c.objc; path = MNetworkGroupRequest.m; sourceTree = "<group>"; };
		D6ED4287028751506AB7049B /* Pods-MHRefresh.release.xcconfig */ = {isa = PBXFileReference; includeInIndex = 1; lastKnownFileType = text.xcconfig; name = "Pods-MHRefresh.release.xcconfig"; path = "Pods/Target Support Files/Pods-MHRefresh/Pods-MHRefresh.release.xcconfig"; sourceTree = "<group>"; };
		DE5F0F6E9648AF866E342514 /* Pods-MHRefresh.debug.xcconfig */ = {isa = PBXFileReference; includeInIndex = 1; lastKnownFileType = text.xcconfig; name = "Pods-MHRefresh.debug.xcconfig"; path = "Pods/Target Support Files/Pods-MHRefresh/Pods-MHRefresh.debug.xcconfig"; sourceTree = "<group>"; };
/* End PBXFileReference section */

/* Begin PBXFrameworksBuildPhase section */
		8B5D1FF51F26F9E900DD1898 /* Frameworks */ = {
			isa = PBXFrameworksBuildPhase;
			buildActionMask = 2147483647;
			files = (
				26F599390836D839C6C0A3AD /* libPods-MHRefresh.a in Frameworks */,
			);
			runOnlyForDeploymentPostprocessing = 0;
		};
/* End PBXFrameworksBuildPhase section */

/* Begin PBXGroup section */
		8AE3C6AB71334B0117E08BC9 /* Pods */ = {
			isa = PBXGroup;
			children = (
				DE5F0F6E9648AF866E342514 /* Pods-MHRefresh.debug.xcconfig */,
				D6ED4287028751506AB7049B /* Pods-MHRefresh.release.xcconfig */,
			);
			name = Pods;
			sourceTree = "<group>";
		};
		8B195B761F5F9A82005D6321 /* MPhoto */ = {
			isa = PBXGroup;
			children = (
				8B195B931F60D706005D6321 /* MCameraMedia.xcassets */,
				8B195BDD1F6126D2005D6321 /* MImagePickerHeader.h */,
				8B195BCC1F611DF2005D6321 /* MImagePicker */,
				8B195B771F5F9A82005D6321 /* MCamera */,
				8B195B7B1F5F9A82005D6321 /* MPhotoAlbum */,
				8B195BAE1F6119DE005D6321 /* RSKImageCropper */,
			);
			path = MPhoto;
			sourceTree = "<group>";
		};
		8B195B771F5F9A82005D6321 /* MCamera */ = {
			isa = PBXGroup;
			children = (
				8B195BDE1F61477F005D6321 /* MCameraHeader.h */,
				8B195B781F5F9A82005D6321 /* Controllers */,
				8B195B791F5F9A82005D6321 /* Models */,
				8B195B7A1F5F9A82005D6321 /* Views */,
			);
			path = MCamera;
			sourceTree = "<group>";
		};
		8B195B781F5F9A82005D6321 /* Controllers */ = {
			isa = PBXGroup;
			children = (
				8B195B831F5F9C8D005D6321 /* MCameraController.h */,
				8B195B841F5F9C8D005D6321 /* MCameraController.m */,
			);
			path = Controllers;
			sourceTree = "<group>";
		};
		8B195B791F5F9A82005D6321 /* Models */ = {
			isa = PBXGroup;
			children = (
				8B195B891F5FF54F005D6321 /* MDeviceOrientationModel.h */,
				8B195B8A1F5FF54F005D6321 /* MDeviceOrientationModel.m */,
				8B195B8C1F6005E7005D6321 /* MCameraPhotoModel.h */,
				8B195B8D1F6005E7005D6321 /* MCameraPhotoModel.m */,
			);
			path = Models;
			sourceTree = "<group>";
		};
		8B195B7A1F5F9A82005D6321 /* Views */ = {
			isa = PBXGroup;
			children = (
				8B195B861F5F9CBE005D6321 /* MCameraView.h */,
				8B195B871F5F9CBE005D6321 /* MCameraView.m */,
			);
			path = Views;
			sourceTree = "<group>";
		};
		8B195B7B1F5F9A82005D6321 /* MPhotoAlbum */ = {
			isa = PBXGroup;
			children = (
				8B195B7C1F5F9A82005D6321 /* Controllers */,
				8B195B7D1F5F9A82005D6321 /* Models */,
				8B195B7E1F5F9A82005D6321 /* Views */,
			);
			path = MPhotoAlbum;
			sourceTree = "<group>";
		};
		8B195B7C1F5F9A82005D6321 /* Controllers */ = {
			isa = PBXGroup;
			children = (
				8B195B961F60D762005D6321 /* MPhotoAlbumController.h */,
				8B195B971F60D762005D6321 /* MPhotoAlbumController.m */,
			);
			path = Controllers;
			sourceTree = "<group>";
		};
		8B195B7D1F5F9A82005D6321 /* Models */ = {
			isa = PBXGroup;
			children = (
				8B195B991F60D7D9005D6321 /* MPhotoAlbumModel.h */,
				8B195B9A1F60D7D9005D6321 /* MPhotoAlbumModel.m */,
				8B195B9F1F60DC95005D6321 /* MPhotoAlbumHelp.h */,
				8B195BA01F60DC95005D6321 /* MPhotoAlbumHelp.m */,
				8B195BA21F60DE22005D6321 /* MPhotoModel.h */,
				8B195BA31F60DE22005D6321 /* MPhotoModel.m */,
				8B195B9C1F60D8CF005D6321 /* NSData+MImageType.h */,
				8B195B9D1F60D8CF005D6321 /* NSData+MImageType.m */,
				8B195BA51F60E65F005D6321 /* MGifDataCache.h */,
				8B195BA61F60E65F005D6321 /* MGifDataCache.m */,
			);
			path = Models;
			sourceTree = "<group>";
		};
		8B195B7E1F5F9A82005D6321 /* Views */ = {
			isa = PBXGroup;
			children = (
				8B195BAB1F60EE56005D6321 /* MPhotoCollectionViewCell.h */,
				8B195BAC1F60EE56005D6321 /* MPhotoCollectionViewCell.m */,
			);
			path = Views;
			sourceTree = "<group>";
		};
		8B195BAE1F6119DE005D6321 /* RSKImageCropper */ = {
			isa = PBXGroup;
			children = (
				8B195BAF1F6119DE005D6321 /* CGGeometry+RSKImageCropper.h */,
				8B195BB01F6119DE005D6321 /* CGGeometry+RSKImageCropper.m */,
				8B195BB11F6119DE005D6321 /* module.modulemap */,
				8B195BB21F6119DE005D6321 /* RSKImageCropper.h */,
				8B195BB31F6119DE005D6321 /* RSKImageCropperStrings.bundle */,
				8B195BB41F6119DE005D6321 /* RSKImageCropViewController+Protected.h */,
				8B195BB51F6119DE005D6321 /* RSKImageCropViewController.h */,
				8B195BB61F6119DE005D6321 /* RSKImageCropViewController.m */,
				8B195BB71F6119DE005D6321 /* RSKImageScrollView.h */,
				8B195BB81F6119DE005D6321 /* RSKImageScrollView.m */,
				8B195BB91F6119DE005D6321 /* RSKInternalUtility.h */,
				8B195BBA1F6119DE005D6321 /* RSKInternalUtility.m */,
				8B195BBB1F6119DE005D6321 /* RSKTouchView.h */,
				8B195BBC1F6119DF005D6321 /* RSKTouchView.m */,
				8B195BBD1F6119DF005D6321 /* UIApplication+RSKImageCropper.h */,
				8B195BBE1F6119DF005D6321 /* UIApplication+RSKImageCropper.m */,
				8B195BBF1F6119DF005D6321 /* UIImage+RSKImageCropper.h */,
				8B195BC01F6119DF005D6321 /* UIImage+RSKImageCropper.m */,
			);
			path = RSKImageCropper;
			sourceTree = "<group>";
		};
		8B195BCC1F611DF2005D6321 /* MImagePicker */ = {
			isa = PBXGroup;
			children = (
				8B195BCD1F611E22005D6321 /* Controller */,
				8B195BD01F611E22005D6321 /* Model */,
				8B195BD11F611E22005D6321 /* View */,
			);
			path = MImagePicker;
			sourceTree = "<group>";
		};
		8B195BCD1F611E22005D6321 /* Controller */ = {
			isa = PBXGroup;
			children = (
				8B195BCE1F611E22005D6321 /* MImagePickerController.h */,
				8B195BCF1F611E22005D6321 /* MImagePickerController.m */,
			);
			path = Controller;
			sourceTree = "<group>";
		};
		8B195BD01F611E22005D6321 /* Model */ = {
			isa = PBXGroup;
			children = (
				8B195BD31F611E8A005D6321 /* MPhotoAuthorizationHelpModel.h */,
				8B195BD41F611E8A005D6321 /* MPhotoAuthorizationHelpModel.m */,
				8B195BD71F6125D7005D6321 /* MImageCropDelegateModel.h */,
				8B195BD81F6125D7005D6321 /* MImageCropDelegateModel.m */,
			);
			path = Model;
			sourceTree = "<group>";
		};
		8B195BD11F611E22005D6321 /* View */ = {
			isa = PBXGroup;
			children = (
			);
			path = View;
			sourceTree = "<group>";
		};
		8B195C5B1F627A8A005D6321 /* Expand(扩展) */ = {
			isa = PBXGroup;
			children = (
				8B195C5C1F627A8A005D6321 /* Category */,
				8B195C9A1F627A8A005D6321 /* Const */,
				8B195C9B1F627A8A005D6321 /* Controls */,
				8B195C9C1F627A8A005D6321 /* DataBase */,
				8B195C9D1F627A8A005D6321 /* Macros */,
				8B195C9E1F627A8A005D6321 /* Monitor */,
				8B195C9F1F627A8A005D6321 /* Network */,
				8B195CA01F627A8A005D6321 /* Tool */,
			);
			path = "Expand(扩展)";
			sourceTree = "<group>";
		};
		8B195C5C1F627A8A005D6321 /* Category */ = {
			isa = PBXGroup;
			children = (
				8B195C5D1F627A8A005D6321 /* Foundation */,
				8B195C751F627A8A005D6321 /* Other */,
				8B195C761F627A8A005D6321 /* QuartzCore */,
				8B195C7C1F627A8A005D6321 /* UIKit */,
			);
			path = Category;
			sourceTree = "<group>";
		};
		8B195C5D1F627A8A005D6321 /* Foundation */ = {
			isa = PBXGroup;
			children = (
				8B195C5E1F627A8A005D6321 /* NSArray */,
				8B195C5F1F627A8A005D6321 /* NSBundle */,
				8B195C601F627A8A005D6321 /* NSData */,
				8B195C611F627A8A005D6321 /* NSDate */,
				8B195C621F627A8A005D6321 /* NSDateFormatter */,
				8B195C631F627A8A005D6321 /* NSDictionary */,
				8B195C641F627A8A005D6321 /* NSException */,
				8B195C651F627A8A005D6321 /* NSFileHandle */,
				8B195C661F627A8A005D6321 /* NSFileManager */,
				8B195C671F627A8A005D6321 /* NSHTTPCookieStorage */,
				8B195C681F627A8A005D6321 /* NSIndexPath */,
				8B195C691F627A8A005D6321 /* NSInvocation */,
				8B195C6A1F627A8A005D6321 /* NSNotificationCenter */,
				8B195C6B1F627A8A005D6321 /* NSNumber */,
				8B195C6C1F627A8A005D6321 /* NSObject */,
				8B195C6D1F627A8A005D6321 /* NSRunLoop */,
				8B195C6E1F627A8A005D6321 /* NSSet */,
				8B195C6F1F627A8A005D6321 /* NSString */,
				8B195C701F627A8A005D6321 /* NSTimer */,
				8B195C711F627A8A005D6321 /* NSURL */,
				8B195C721F627A8A005D6321 /* NSURLConnection */,
				8B195C731F627A8A005D6321 /* NSURLRequest */,
				8B195C741F627A8A005D6321 /* NSUserDefaults */,
			);
			path = Foundation;
			sourceTree = "<group>";
		};
		8B195C5E1F627A8A005D6321 /* NSArray */ = {
			isa = PBXGroup;
			children = (
			);
			path = NSArray;
			sourceTree = "<group>";
		};
		8B195C5F1F627A8A005D6321 /* NSBundle */ = {
			isa = PBXGroup;
			children = (
			);
			path = NSBundle;
			sourceTree = "<group>";
		};
		8B195C601F627A8A005D6321 /* NSData */ = {
			isa = PBXGroup;
			children = (
			);
			path = NSData;
			sourceTree = "<group>";
		};
		8B195C611F627A8A005D6321 /* NSDate */ = {
			isa = PBXGroup;
			children = (
			);
			path = NSDate;
			sourceTree = "<group>";
		};
		8B195C621F627A8A005D6321 /* NSDateFormatter */ = {
			isa = PBXGroup;
			children = (
			);
			path = NSDateFormatter;
			sourceTree = "<group>";
		};
		8B195C631F627A8A005D6321 /* NSDictionary */ = {
			isa = PBXGroup;
			children = (
			);
			path = NSDictionary;
			sourceTree = "<group>";
		};
		8B195C641F627A8A005D6321 /* NSException */ = {
			isa = PBXGroup;
			children = (
			);
			path = NSException;
			sourceTree = "<group>";
		};
		8B195C651F627A8A005D6321 /* NSFileHandle */ = {
			isa = PBXGroup;
			children = (
			);
			path = NSFileHandle;
			sourceTree = "<group>";
		};
		8B195C661F627A8A005D6321 /* NSFileManager */ = {
			isa = PBXGroup;
			children = (
			);
			path = NSFileManager;
			sourceTree = "<group>";
		};
		8B195C671F627A8A005D6321 /* NSHTTPCookieStorage */ = {
			isa = PBXGroup;
			children = (
			);
			path = NSHTTPCookieStorage;
			sourceTree = "<group>";
		};
		8B195C681F627A8A005D6321 /* NSIndexPath */ = {
			isa = PBXGroup;
			children = (
			);
			path = NSIndexPath;
			sourceTree = "<group>";
		};
		8B195C691F627A8A005D6321 /* NSInvocation */ = {
			isa = PBXGroup;
			children = (
			);
			path = NSInvocation;
			sourceTree = "<group>";
		};
		8B195C6A1F627A8A005D6321 /* NSNotificationCenter */ = {
			isa = PBXGroup;
			children = (
			);
			path = NSNotificationCenter;
			sourceTree = "<group>";
		};
		8B195C6B1F627A8A005D6321 /* NSNumber */ = {
			isa = PBXGroup;
			children = (
			);
			path = NSNumber;
			sourceTree = "<group>";
		};
		8B195C6C1F627A8A005D6321 /* NSObject */ = {
			isa = PBXGroup;
			children = (
			);
			path = NSObject;
			sourceTree = "<group>";
		};
		8B195C6D1F627A8A005D6321 /* NSRunLoop */ = {
			isa = PBXGroup;
			children = (
			);
			path = NSRunLoop;
			sourceTree = "<group>";
		};
		8B195C6E1F627A8A005D6321 /* NSSet */ = {
			isa = PBXGroup;
			children = (
			);
			path = NSSet;
			sourceTree = "<group>";
		};
		8B195C6F1F627A8A005D6321 /* NSString */ = {
			isa = PBXGroup;
			children = (
			);
			path = NSString;
			sourceTree = "<group>";
		};
		8B195C701F627A8A005D6321 /* NSTimer */ = {
			isa = PBXGroup;
			children = (
			);
			path = NSTimer;
			sourceTree = "<group>";
		};
		8B195C711F627A8A005D6321 /* NSURL */ = {
			isa = PBXGroup;
			children = (
			);
			path = NSURL;
			sourceTree = "<group>";
		};
		8B195C721F627A8A005D6321 /* NSURLConnection */ = {
			isa = PBXGroup;
			children = (
			);
			path = NSURLConnection;
			sourceTree = "<group>";
		};
		8B195C731F627A8A005D6321 /* NSURLRequest */ = {
			isa = PBXGroup;
			children = (
			);
			path = NSURLRequest;
			sourceTree = "<group>";
		};
		8B195C741F627A8A005D6321 /* NSUserDefaults */ = {
			isa = PBXGroup;
			children = (
			);
			path = NSUserDefaults;
			sourceTree = "<group>";
		};
		8B195C751F627A8A005D6321 /* Other */ = {
			isa = PBXGroup;
			children = (
			);
			path = Other;
			sourceTree = "<group>";
		};
		8B195C761F627A8A005D6321 /* QuartzCore */ = {
			isa = PBXGroup;
			children = (
				8B195C771F627A8A005D6321 /* CAAnimation */,
				8B195C781F627A8A005D6321 /* CALayer */,
				8B195C791F627A8A005D6321 /* CAMediaTimingFunction */,
				8B195C7A1F627A8A005D6321 /* CAShapeLayer */,
				8B195C7B1F627A8A005D6321 /* CATransaction */,
			);
			path = QuartzCore;
			sourceTree = "<group>";
		};
		8B195C771F627A8A005D6321 /* CAAnimation */ = {
			isa = PBXGroup;
			children = (
			);
			path = CAAnimation;
			sourceTree = "<group>";
		};
		8B195C781F627A8A005D6321 /* CALayer */ = {
			isa = PBXGroup;
			children = (
			);
			path = CALayer;
			sourceTree = "<group>";
		};
		8B195C791F627A8A005D6321 /* CAMediaTimingFunction */ = {
			isa = PBXGroup;
			children = (
			);
			path = CAMediaTimingFunction;
			sourceTree = "<group>";
		};
		8B195C7A1F627A8A005D6321 /* CAShapeLayer */ = {
			isa = PBXGroup;
			children = (
			);
			path = CAShapeLayer;
			sourceTree = "<group>";
		};
		8B195C7B1F627A8A005D6321 /* CATransaction */ = {
			isa = PBXGroup;
			children = (
			);
			path = CATransaction;
			sourceTree = "<group>";
		};
		8B195C7C1F627A8A005D6321 /* UIKit */ = {
			isa = PBXGroup;
			children = (
				8B195C7D1F627A8A005D6321 /* UIAlertView */,
				8B195C7E1F627A8A005D6321 /* UIApplication */,
				8B195C7F1F627A8A005D6321 /* UIBarButtonItem */,
				8B195C801F627A8A005D6321 /* UIBezierPath */,
				8B195C811F627A8A005D6321 /* UIButton */,
				8B195C821F627A8A005D6321 /* UIColor */,
				8B195C831F627A8A005D6321 /* UIControl */,
				8B195C841F627A8A005D6321 /* UIDevice */,
				8B195C851F627A8A005D6321 /* UIFont */,
				8B195C861F627A8A005D6321 /* UIImage */,
				8B195C871F627A8A005D6321 /* UIImageView */,
				8B195C881F627A8A005D6321 /* UILable */,
				8B195C891F627A8A005D6321 /* UINavigationBar */,
				8B195C8A1F627A8A005D6321 /* UINavigationController */,
				8B195C8B1F627A8A005D6321 /* UINavigationItem */,
				8B195C8C1F627A8A005D6321 /* UIPopoverController */,
				8B195C8D1F627A8A005D6321 /* UIResponder */,
				8B195C8E1F627A8A005D6321 /* UIScreen */,
				8B195C8F1F627A8A005D6321 /* UIScrollView */,
				8B195C901F627A8A005D6321 /* UISearchBar */,
				8B195C911F627A8A005D6321 /* UISplitViewController */,
				8B195C921F627A8A005D6321 /* UITableView */,
				8B195C931F627A8A005D6321 /* UITableViewCell */,
				8B195C941F627A8A005D6321 /* UITextField */,
				8B195C951F627A8A005D6321 /* UITextView */,
				8B195C961F627A8A005D6321 /* UIView */,
				8B195C971F627A8A005D6321 /* UIViewController */,
				8B195C981F627A8A005D6321 /* UIWebView */,
				8B195C991F627A8A005D6321 /* UIWindow */,
			);
			path = UIKit;
			sourceTree = "<group>";
		};
		8B195C7D1F627A8A005D6321 /* UIAlertView */ = {
			isa = PBXGroup;
			children = (
			);
			path = UIAlertView;
			sourceTree = "<group>";
		};
		8B195C7E1F627A8A005D6321 /* UIApplication */ = {
			isa = PBXGroup;
			children = (
			);
			path = UIApplication;
			sourceTree = "<group>";
		};
		8B195C7F1F627A8A005D6321 /* UIBarButtonItem */ = {
			isa = PBXGroup;
			children = (
			);
			path = UIBarButtonItem;
			sourceTree = "<group>";
		};
		8B195C801F627A8A005D6321 /* UIBezierPath */ = {
			isa = PBXGroup;
			children = (
			);
			path = UIBezierPath;
			sourceTree = "<group>";
		};
		8B195C811F627A8A005D6321 /* UIButton */ = {
			isa = PBXGroup;
			children = (
			);
			path = UIButton;
			sourceTree = "<group>";
		};
		8B195C821F627A8A005D6321 /* UIColor */ = {
			isa = PBXGroup;
			children = (
			);
			path = UIColor;
			sourceTree = "<group>";
		};
		8B195C831F627A8A005D6321 /* UIControl */ = {
			isa = PBXGroup;
			children = (
			);
			path = UIControl;
			sourceTree = "<group>";
		};
		8B195C841F627A8A005D6321 /* UIDevice */ = {
			isa = PBXGroup;
			children = (
			);
			path = UIDevice;
			sourceTree = "<group>";
		};
		8B195C851F627A8A005D6321 /* UIFont */ = {
			isa = PBXGroup;
			children = (
			);
			path = UIFont;
			sourceTree = "<group>";
		};
		8B195C861F627A8A005D6321 /* UIImage */ = {
			isa = PBXGroup;
			children = (
			);
			path = UIImage;
			sourceTree = "<group>";
		};
		8B195C871F627A8A005D6321 /* UIImageView */ = {
			isa = PBXGroup;
			children = (
			);
			path = UIImageView;
			sourceTree = "<group>";
		};
		8B195C881F627A8A005D6321 /* UILable */ = {
			isa = PBXGroup;
			children = (
			);
			path = UILable;
			sourceTree = "<group>";
		};
		8B195C891F627A8A005D6321 /* UINavigationBar */ = {
			isa = PBXGroup;
			children = (
			);
			path = UINavigationBar;
			sourceTree = "<group>";
		};
		8B195C8A1F627A8A005D6321 /* UINavigationController */ = {
			isa = PBXGroup;
			children = (
			);
			path = UINavigationController;
			sourceTree = "<group>";
		};
		8B195C8B1F627A8A005D6321 /* UINavigationItem */ = {
			isa = PBXGroup;
			children = (
			);
			path = UINavigationItem;
			sourceTree = "<group>";
		};
		8B195C8C1F627A8A005D6321 /* UIPopoverController */ = {
			isa = PBXGroup;
			children = (
			);
			path = UIPopoverController;
			sourceTree = "<group>";
		};
		8B195C8D1F627A8A005D6321 /* UIResponder */ = {
			isa = PBXGroup;
			children = (
			);
			path = UIResponder;
			sourceTree = "<group>";
		};
		8B195C8E1F627A8A005D6321 /* UIScreen */ = {
			isa = PBXGroup;
			children = (
			);
			path = UIScreen;
			sourceTree = "<group>";
		};
		8B195C8F1F627A8A005D6321 /* UIScrollView */ = {
			isa = PBXGroup;
			children = (
			);
			path = UIScrollView;
			sourceTree = "<group>";
		};
		8B195C901F627A8A005D6321 /* UISearchBar */ = {
			isa = PBXGroup;
			children = (
			);
			path = UISearchBar;
			sourceTree = "<group>";
		};
		8B195C911F627A8A005D6321 /* UISplitViewController */ = {
			isa = PBXGroup;
			children = (
			);
			path = UISplitViewController;
			sourceTree = "<group>";
		};
		8B195C921F627A8A005D6321 /* UITableView */ = {
			isa = PBXGroup;
			children = (
			);
			path = UITableView;
			sourceTree = "<group>";
		};
		8B195C931F627A8A005D6321 /* UITableViewCell */ = {
			isa = PBXGroup;
			children = (
			);
			path = UITableViewCell;
			sourceTree = "<group>";
		};
		8B195C941F627A8A005D6321 /* UITextField */ = {
			isa = PBXGroup;
			children = (
			);
			path = UITextField;
			sourceTree = "<group>";
		};
		8B195C951F627A8A005D6321 /* UITextView */ = {
			isa = PBXGroup;
			children = (
			);
			path = UITextView;
			sourceTree = "<group>";
		};
		8B195C961F627A8A005D6321 /* UIView */ = {
			isa = PBXGroup;
			children = (
				8B195CA21F6284C2005D6321 /* UIView+QYFrame.h */,
				8B195CA31F6284C2005D6321 /* UIView+QYFrame.m */,
				8B195CA51F62874D005D6321 /* UIView+QYDebug.h */,
				8B195CA61F62874D005D6321 /* UIView+QYDebug.m */,
				8B195CA81F628BB2005D6321 /* UIView+QYNib.h */,
				8B195CA91F628BB2005D6321 /* UIView+QYNib.m */,
				8B195CAB1F628EC1005D6321 /* UIView+QYScreenshot.h */,
				8B195CAC1F628EC1005D6321 /* UIView+QYScreenshot.m */,
				8B195CAE1F6293A8005D6321 /* UIView+QYViewController.h */,
				8B195CAF1F6293A8005D6321 /* UIView+QYViewController.m */,
				8B195CB11F629560005D6321 /* UIView+QYShake.h */,
				8B195CB21F629560005D6321 /* UIView+QYShake.m */,
				8B195CB41F62AC7C005D6321 /* UIView+QYVisuals.h */,
				8B195CB51F62AC7C005D6321 /* UIView+QYVisuals.m */,
				8B195CB71F62BDEB005D6321 /* UIView+QYFind.h */,
				8B195CB81F62BDEB005D6321 /* UIView+QYFind.m */,
			);
			path = UIView;
			sourceTree = "<group>";
		};
		8B195C971F627A8A005D6321 /* UIViewController */ = {
			isa = PBXGroup;
			children = (
				8B195CBD1F62C0BF005D6321 /* UIViewController+QYVisible.h */,
				8B195CBE1F62C0BF005D6321 /* UIViewController+QYVisible.m */,
			);
			path = UIViewController;
			sourceTree = "<group>";
		};
		8B195C981F627A8A005D6321 /* UIWebView */ = {
			isa = PBXGroup;
			children = (
			);
			path = UIWebView;
			sourceTree = "<group>";
		};
		8B195C991F627A8A005D6321 /* UIWindow */ = {
			isa = PBXGroup;
			children = (
				8B195CC01F62C140005D6321 /* UIWindow+QYHierarchy.h */,
				8B195CC11F62C140005D6321 /* UIWindow+QYHierarchy.m */,
			);
			path = UIWindow;
			sourceTree = "<group>";
		};
		8B195C9A1F627A8A005D6321 /* Const */ = {
			isa = PBXGroup;
			children = (
			);
			path = Const;
			sourceTree = "<group>";
		};
		8B195C9B1F627A8A005D6321 /* Controls */ = {
			isa = PBXGroup;
			children = (
			);
			path = Controls;
			sourceTree = "<group>";
		};
		8B195C9C1F627A8A005D6321 /* DataBase */ = {
			isa = PBXGroup;
			children = (
			);
			path = DataBase;
			sourceTree = "<group>";
		};
		8B195C9D1F627A8A005D6321 /* Macros */ = {
			isa = PBXGroup;
			children = (
				8B195CA11F627C50005D6321 /* QYMacros.h */,
			);
			path = Macros;
			sourceTree = "<group>";
		};
		8B195C9E1F627A8A005D6321 /* Monitor */ = {
			isa = PBXGroup;
			children = (
			);
			path = Monitor;
			sourceTree = "<group>";
		};
		8B195C9F1F627A8A005D6321 /* Network */ = {
			isa = PBXGroup;
			children = (
			);
			path = Network;
			sourceTree = "<group>";
		};
		8B195CA01F627A8A005D6321 /* Tool */ = {
			isa = PBXGroup;
			children = (
			);
			path = Tool;
			sourceTree = "<group>";
		};
		8B21EFFC1F4C49C7004C0508 /* YXImageEdit */ = {
			isa = PBXGroup;
			children = (
				8B21EFFD1F4C49C7004C0508 /* YXAnnotationConfig.h */,
				8B21EFFE1F4C49C7004C0508 /* YXAnnotationShapeView.h */,
				8B21EFFF1F4C49C7004C0508 /* YXAnnotationShapeView.m */,
				8B21F0001F4C49C7004C0508 /* YXAnnotationShapeViewAction.h */,
				8B21F0011F4C49C7004C0508 /* YXAnnotationShapeViewAction.m */,
				8B21F0021F4C49C7004C0508 /* YXAnnotationTabbarView.h */,
				8B21F0031F4C49C7004C0508 /* YXAnnotationTabbarView.m */,
				8B21F0041F4C49C7004C0508 /* YXAnnotationView.h */,
				8B21F0051F4C49C7004C0508 /* YXAnnotationView.m */,
				8B21F0061F4C49C7004C0508 /* YXAnnotationViewController.h */,
				8B21F0071F4C49C7004C0508 /* YXAnnotationViewController.m */,
				8B21F0081F4C49C7004C0508 /* YXButton.h */,
				8B21F0091F4C49C7004C0508 /* YXButton.m */,
				8B21F00A1F4C49C7004C0508 /* YXCollectionViewCell.h */,
				8B21F00B1F4C49C7004C0508 /* YXCollectionViewCell.m */,
				8B21F00C1F4C49C7004C0508 /* YXMedia.xcassets */,
			);
			path = YXImageEdit;
			sourceTree = "<group>";
		};
		8B5CA5C61F2AE0CD0098EE69 /* 流畅值监控 */ = {
			isa = PBXGroup;
			children = (
				8B8BB9981F3316E40071D0AF /* File */,
				8B5CA5D01F2AE0D30098EE69 /* MMonitor.h */,
				8B5CA5C71F2AE0CD0098EE69 /* MFPSMonitor.h */,
				8B5CA5C81F2AE0CD0098EE69 /* MFPSMonitor.m */,
				8B5CA5C91F2AE0CD0098EE69 /* MFPSMonitorLabel.h */,
				8B5CA5CA1F2AE0CD0098EE69 /* MFPSMonitorLabel.m */,
				8B5CA5CB1F2AE0CD0098EE69 /* MFPSMonitorWindow.h */,
				8B5CA5CC1F2AE0CD0098EE69 /* MFPSMonitorWindow.m */,
			);
			path = "流畅值监控";
			sourceTree = "<group>";
		};
		8B5D1FEF1F26F9E900DD1898 = {
			isa = PBXGroup;
			children = (
				8B5D1FFA1F26F9E900DD1898 /* MHRefresh */,
				8B5D1FF91F26F9E900DD1898 /* Products */,
				8AE3C6AB71334B0117E08BC9 /* Pods */,
				DCB78ECD6614B6ABACD4EABF /* Frameworks */,
			);
			sourceTree = "<group>";
		};
		8B5D1FF91F26F9E900DD1898 /* Products */ = {
			isa = PBXGroup;
			children = (
				8B5D1FF81F26F9E900DD1898 /* MHRefresh.app */,
			);
			name = Products;
			sourceTree = "<group>";
		};
		8B5D1FFA1F26F9E900DD1898 /* MHRefresh */ = {
			isa = PBXGroup;
			children = (
				8B5D1FFE1F26F9E900DD1898 /* AppDelegate.h */,
				8B5D1FFF1F26F9E900DD1898 /* AppDelegate.m */,
				8B5D20011F26F9E900DD1898 /* ViewController.h */,
				8B5D20021F26F9E900DD1898 /* ViewController.m */,
				8B5D20041F26F9E900DD1898 /* Main.storyboard */,
				8B195B761F5F9A82005D6321 /* MPhoto */,
				8B21EFFC1F4C49C7004C0508 /* YXImageEdit */,
				8B8BB9C61F3463200071D0AF /* 网络请求 */,
				8B8BB99C1F342C550071D0AF /* MWebView */,
				8B5CA5C61F2AE0CD0098EE69 /* 流畅值监控 */,
				8B8BB9C91F3463880071D0AF /* 扩展 */,
				8B8BB9CD1F34638F0071D0AF /* 预览视图 */,
				8B195C5B1F627A8A005D6321 /* Expand(扩展) */,
				8B5D20071F26F9E900DD1898 /* Assets.xcassets */,
				8B5D20091F26F9E900DD1898 /* LaunchScreen.storyboard */,
				8B5D200C1F26F9E900DD1898 /* Info.plist */,
				8B5D1FFB1F26F9E900DD1898 /* Supporting Files */,
			);
			path = MHRefresh;
			sourceTree = "<group>";
		};
		8B5D1FFB1F26F9E900DD1898 /* Supporting Files */ = {
			isa = PBXGroup;
			children = (
				8B5D1FFC1F26F9E900DD1898 /* main.m */,
				8B5D20181F27003100DD1898 /* MPrefixHeader.pch */,
			);
			name = "Supporting Files";
			sourceTree = "<group>";
		};
		8B8BB99C1F342C550071D0AF /* MWebView */ = {
			isa = PBXGroup;
			children = (
				8B8BB99D1F342C550071D0AF /* MWebKitURLProtocol.h */,
				8B8BB99E1F342C550071D0AF /* MWebKitURLProtocol.m */,
				8B8BB9B91F342DDD0071D0AF /* MWebLinkLoadingView.h */,
				8B8BB9BA1F342DDD0071D0AF /* MWebLinkLoadingView.m */,
				8B8BB9BB1F342DDD0071D0AF /* MWebViewProgress.h */,
				8B8BB9BC1F342DDD0071D0AF /* MWebViewProgress.m */,
				8B8BB99F1F342C550071D0AF /* MWebView.h */,
				8B8BB9A01F342C550071D0AF /* MWebView.m */,
				8B8BB9A11F342C550071D0AF /* MWebViewCache.h */,
				8B8BB9A21F342C550071D0AF /* MWebViewCache.m */,
				8B8BB9A31F342C550071D0AF /* MWebViewheader.h */,
				8B8BB9A41F342C550071D0AF /* NSURLProtocol+MWebKitSupport.h */,
				8B8BB9A51F342C550071D0AF /* NSURLProtocol+MWebKitSupport.m */,
				8B8BB9A61F342C550071D0AF /* UIWebView+MCache.h */,
				8B8BB9A71F342C550071D0AF /* UIWebView+MCache.m */,
				8B8BB9A81F342C550071D0AF /* UIWebView+MElementFrame.h */,
				8B8BB9A91F342C550071D0AF /* UIWebView+MElementFrame.m */,
				8B8BB9AA1F342C550071D0AF /* WKWebView+MClearCache.h */,
				8B8BB9AB1F342C550071D0AF /* WKWebView+MClearCache.m */,
				8B8BB9AC1F342C550071D0AF /* WKWebView+MElementFrame.h */,
				8B8BB9AD1F342C550071D0AF /* WKWebView+MElementFrame.m */,
				8B8BB9BF1F342F270071D0AF /* NSString+Path.h */,
				8B8BB9C01F342F270071D0AF /* NSString+Path.m */,
				8B8BB9C21F342FE30071D0AF /* UIView+WebViewExtern.h */,
				8B8BB9C31F342FE30071D0AF /* UIView+WebViewExtern.m */,
			);
			path = MWebView;
			sourceTree = "<group>";
		};
		8B8BB9C61F3463200071D0AF /* 网络请求 */ = {
			isa = PBXGroup;
			children = (
				8B8BBA941F3465C10071D0AF /* MNetRequestHeader.h */,
				8B8BBAA51F348E130071D0AF /* MNetworkAgent.h */,
				8B8BBAA61F348E130071D0AF /* MNetworkAgent.m */,
				8B8BBA951F3466240071D0AF /* MNetworkConfig.h */,
				8B8BBA961F3466240071D0AF /* MNetworkConfig.m */,
				8B8BBA9C1F346BA80071D0AF /* MNetworkBaseRequest.h */,
				8B8BBA9D1F346BA80071D0AF /* MNetworkBaseRequest.m */,
				8B8BBA9F1F3485E70071D0AF /* MNetworkRequest.h */,
				8B8BBAA01F3485E70071D0AF /* MNetworkRequest.m */,
				8B8BBAA21F34876D0071D0AF /* MNetworkDownloadRequest.h */,
				8B8BBAA31F34876D0071D0AF /* MNetworkDownloadRequest.m */,
				8B9096111F3C47EB00B2EF74 /* MNetworkGroupRequest.h */,
				8B9096121F3C47EB00B2EF74 /* MNetworkGroupRequest.m */,
			);
			path = "网络请求";
			sourceTree = "<group>";
		};
		8B8BB9C91F3463880071D0AF /* 扩展 */ = {
			isa = PBXGroup;
			children = (
				8B8BB9CA1F3463880071D0AF /* UIButton+Touch.h */,
				8B8BB9CB1F3463880071D0AF /* UIButton+Touch.m */,
				8B195B901F60210C005D6321 /* UIImage+SMExtension.h */,
				8B195B911F60210C005D6321 /* UIImage+SMExtension.m */,
				8B3941E11F46D152002100F6 /* UIView+SMExtension.h */,
				8B3941E21F46D153002100F6 /* UIView+SMExtension.m */,
			);
			path = "扩展";
			sourceTree = "<group>";
		};
		8B8BB9CD1F34638F0071D0AF /* 预览视图 */ = {
			isa = PBXGroup;
			children = (
				8B8BB9CE1F34638F0071D0AF /* MHRefreshScrollView.h */,
				8B8BB9CF1F34638F0071D0AF /* MHRefreshScrollView.m */,
				8B8BB9D01F34638F0071D0AF /* MPreviewCardView.h */,
				8B8BB9D11F34638F0071D0AF /* MPreviewCardView.m */,
			);
			path = "预览视图";
			sourceTree = "<group>";
		};
		DCB78ECD6614B6ABACD4EABF /* Frameworks */ = {
			isa = PBXGroup;
			children = (
				6170A4A14039BBA741EEAAD2 /* libPods-MHRefresh.a */,
			);
			name = Frameworks;
			sourceTree = "<group>";
		};
/* End PBXGroup section */

/* Begin PBXNativeTarget section */
		8B5D1FF71F26F9E900DD1898 /* MHRefresh */ = {
			isa = PBXNativeTarget;
			buildConfigurationList = 8B5D200F1F26F9E900DD1898 /* Build configuration list for PBXNativeTarget "MHRefresh" */;
			buildPhases = (
				2F2041D4457F5C079AF7A093 /* [CP] Check Pods Manifest.lock */,
				8B5D1FF41F26F9E900DD1898 /* Sources */,
				8B5D1FF51F26F9E900DD1898 /* Frameworks */,
				8B5D1FF61F26F9E900DD1898 /* Resources */,
				A2CE5C222D2E7FD568EF514C /* [CP] Embed Pods Frameworks */,
				D55BFB311DA781163025BB21 /* [CP] Copy Pods Resources */,
			);
			buildRules = (
			);
			dependencies = (
			);
			name = MHRefresh;
			productName = MHRefresh;
			productReference = 8B5D1FF81F26F9E900DD1898 /* MHRefresh.app */;
			productType = "com.apple.product-type.application";
		};
/* End PBXNativeTarget section */

/* Begin PBXProject section */
		8B5D1FF01F26F9E900DD1898 /* Project object */ = {
			isa = PBXProject;
			attributes = {
				CLASSPREFIX = QY;
				LastUpgradeCheck = 0830;
				ORGANIZATIONNAME = developer;
				TargetAttributes = {
					8B5D1FF71F26F9E900DD1898 = {
						CreatedOnToolsVersion = 8.3.2;
						DevelopmentTeam = UMJK262EWA;
						ProvisioningStyle = Automatic;
					};
				};
			};
			buildConfigurationList = 8B5D1FF31F26F9E900DD1898 /* Build configuration list for PBXProject "MHRefresh" */;
			compatibilityVersion = "Xcode 3.2";
			developmentRegion = English;
			hasScannedForEncodings = 0;
			knownRegions = (
				en,
				Base,
			);
			mainGroup = 8B5D1FEF1F26F9E900DD1898;
			productRefGroup = 8B5D1FF91F26F9E900DD1898 /* Products */;
			projectDirPath = "";
			projectRoot = "";
			targets = (
				8B5D1FF71F26F9E900DD1898 /* MHRefresh */,
			);
		};
/* End PBXProject section */

/* Begin PBXResourcesBuildPhase section */
		8B5D1FF61F26F9E900DD1898 /* Resources */ = {
			isa = PBXResourcesBuildPhase;
			buildActionMask = 2147483647;
			files = (
				8B8BB9991F3316E40071D0AF /* File in Resources */,
				8B5D200B1F26F9E900DD1898 /* LaunchScreen.storyboard in Resources */,
				8B21F0141F4C49C7004C0508 /* YXMedia.xcassets in Resources */,
				8B195BC21F6119DF005D6321 /* RSKImageCropperStrings.bundle in Resources */,
				8B5D20081F26F9E900DD1898 /* Assets.xcassets in Resources */,
				8B5D20061F26F9E900DD1898 /* Main.storyboard in Resources */,
				8B195B941F60D706005D6321 /* MCameraMedia.xcassets in Resources */,
			);
			runOnlyForDeploymentPostprocessing = 0;
		};
/* End PBXResourcesBuildPhase section */

/* Begin PBXShellScriptBuildPhase section */
		2F2041D4457F5C079AF7A093 /* [CP] Check Pods Manifest.lock */ = {
			isa = PBXShellScriptBuildPhase;
			buildActionMask = 2147483647;
			files = (
			);
			inputPaths = (
			);
			name = "[CP] Check Pods Manifest.lock";
			outputPaths = (
			);
			runOnlyForDeploymentPostprocessing = 0;
			shellPath = /bin/sh;
			shellScript = "diff \"${PODS_ROOT}/../Podfile.lock\" \"${PODS_ROOT}/Manifest.lock\" > /dev/null\nif [ $? != 0 ] ; then\n    # print error to STDERR\n    echo \"error: The sandbox is not in sync with the Podfile.lock. Run 'pod install' or update your CocoaPods installation.\" >&2\n    exit 1\nfi\n";
			showEnvVarsInLog = 0;
		};
		A2CE5C222D2E7FD568EF514C /* [CP] Embed Pods Frameworks */ = {
			isa = PBXShellScriptBuildPhase;
			buildActionMask = 2147483647;
			files = (
			);
			inputPaths = (
			);
			name = "[CP] Embed Pods Frameworks";
			outputPaths = (
			);
			runOnlyForDeploymentPostprocessing = 0;
			shellPath = /bin/sh;
			shellScript = "\"${SRCROOT}/Pods/Target Support Files/Pods-MHRefresh/Pods-MHRefresh-frameworks.sh\"\n";
			showEnvVarsInLog = 0;
		};
		D55BFB311DA781163025BB21 /* [CP] Copy Pods Resources */ = {
			isa = PBXShellScriptBuildPhase;
			buildActionMask = 2147483647;
			files = (
			);
			inputPaths = (
			);
			name = "[CP] Copy Pods Resources";
			outputPaths = (
			);
			runOnlyForDeploymentPostprocessing = 0;
			shellPath = /bin/sh;
			shellScript = "\"${SRCROOT}/Pods/Target Support Files/Pods-MHRefresh/Pods-MHRefresh-resources.sh\"\n";
			showEnvVarsInLog = 0;
		};
/* End PBXShellScriptBuildPhase section */

/* Begin PBXSourcesBuildPhase section */
		8B5D1FF41F26F9E900DD1898 /* Sources */ = {
			isa = PBXSourcesBuildPhase;
			buildActionMask = 2147483647;
			files = (
				8B195BC41F6119DF005D6321 /* RSKImageScrollView.m in Sources */,
				8B8BBA971F3466240071D0AF /* MNetworkConfig.m in Sources */,
				8B8BB9B41F342C550071D0AF /* WKWebView+MClearCache.m in Sources */,
				8B195CB01F6293A8005D6321 /* UIView+QYViewController.m in Sources */,
				8B21F0121F4C49C7004C0508 /* YXButton.m in Sources */,
				8B8BBAA41F34876D0071D0AF /* MNetworkDownloadRequest.m in Sources */,
				8B195B9E1F60D8CF005D6321 /* NSData+MImageType.m in Sources */,
				8B195BC31F6119DF005D6321 /* RSKImageCropViewController.m in Sources */,
				8B195CA71F62874D005D6321 /* UIView+QYDebug.m in Sources */,
				8B195CAA1F628BB2005D6321 /* UIView+QYNib.m in Sources */,
				8B5D20031F26F9E900DD1898 /* ViewController.m in Sources */,
				8B8BBA9E1F346BA80071D0AF /* MNetworkBaseRequest.m in Sources */,
				8B8BB9BE1F342DDD0071D0AF /* MWebViewProgress.m in Sources */,
				8B195BAD1F60EE56005D6321 /* MPhotoCollectionViewCell.m in Sources */,
				8B5D20001F26F9E900DD1898 /* AppDelegate.m in Sources */,
				8B195CC21F62C140005D6321 /* UIWindow+QYHierarchy.m in Sources */,
				8B195BA11F60DC95005D6321 /* MPhotoAlbumHelp.m in Sources */,
				8B21F0111F4C49C7004C0508 /* YXAnnotationViewController.m in Sources */,
				8B8BB9C41F342FE30071D0AF /* UIView+WebViewExtern.m in Sources */,
				8B195B881F5F9CBE005D6321 /* MCameraView.m in Sources */,
				8B195CBF1F62C0BF005D6321 /* UIViewController+QYVisible.m in Sources */,
				8B195CB31F629560005D6321 /* UIView+QYShake.m in Sources */,
				8B21F00E1F4C49C7004C0508 /* YXAnnotationShapeViewAction.m in Sources */,
				8B8BB9B01F342C550071D0AF /* MWebViewCache.m in Sources */,
				8B195CB91F62BDEB005D6321 /* UIView+QYFind.m in Sources */,
				8B5D1FFD1F26F9E900DD1898 /* main.m in Sources */,
				8B195BD51F611E8A005D6321 /* MPhotoAuthorizationHelpModel.m in Sources */,
				8B195BC51F6119DF005D6321 /* RSKInternalUtility.m in Sources */,
				8B5CA5CF1F2AE0CD0098EE69 /* MFPSMonitorWindow.m in Sources */,
				8B195CA41F6284C2005D6321 /* UIView+QYFrame.m in Sources */,
				8B8BB9B31F342C550071D0AF /* UIWebView+MElementFrame.m in Sources */,
				8B3941E31F46D153002100F6 /* UIView+SMExtension.m in Sources */,
				8B195B921F60210C005D6321 /* UIImage+SMExtension.m in Sources */,
				8B195BC71F6119DF005D6321 /* UIApplication+RSKImageCropper.m in Sources */,
				8B195B981F60D762005D6321 /* MPhotoAlbumController.m in Sources */,
				8B195BC11F6119DF005D6321 /* CGGeometry+RSKImageCropper.m in Sources */,
				8B21F00F1F4C49C7004C0508 /* YXAnnotationTabbarView.m in Sources */,
				8B195CB61F62AC7C005D6321 /* UIView+QYVisuals.m in Sources */,
				8B8BB9B51F342C550071D0AF /* WKWebView+MElementFrame.m in Sources */,
				8B8BB9D31F34638F0071D0AF /* MPreviewCardView.m in Sources */,
				8B8BB9BD1F342DDD0071D0AF /* MWebLinkLoadingView.m in Sources */,
				8B195B8E1F6005E7005D6321 /* MCameraPhotoModel.m in Sources */,
				8B195BC61F6119DF005D6321 /* RSKTouchView.m in Sources */,
				8B5CA5CE1F2AE0CD0098EE69 /* MFPSMonitorLabel.m in Sources */,
				8B8BB9AE1F342C550071D0AF /* MWebKitURLProtocol.m in Sources */,
				8B195B9B1F60D7D9005D6321 /* MPhotoAlbumModel.m in Sources */,
				8B21F0101F4C49C7004C0508 /* YXAnnotationView.m in Sources */,
				8B9096131F3C47EB00B2EF74 /* MNetworkGroupRequest.m in Sources */,
				8B8BB9C11F342F270071D0AF /* NSString+Path.m in Sources */,
				8B8BB9CC1F3463880071D0AF /* UIButton+Touch.m in Sources */,
				8B195BC81F6119DF005D6321 /* UIImage+RSKImageCropper.m in Sources */,
				8B8BB9AF1F342C550071D0AF /* MWebView.m in Sources */,
				8B195BD21F611E22005D6321 /* MImagePickerController.m in Sources */,
				8B195B8B1F5FF54F005D6321 /* MDeviceOrientationModel.m in Sources */,
				8B195BA41F60DE22005D6321 /* MPhotoModel.m in Sources */,
				8B195CAD1F628EC1005D6321 /* UIView+QYScreenshot.m in Sources */,
				8B8BB9B11F342C550071D0AF /* NSURLProtocol+MWebKitSupport.m in Sources */,
				8B8BBAA11F3485E70071D0AF /* MNetworkRequest.m in Sources */,
				8B8BBAA71F348E130071D0AF /* MNetworkAgent.m in Sources */,
				8B195BA71F60E65F005D6321 /* MGifDataCache.m in Sources */,
				8B5CA5CD1F2AE0CD0098EE69 /* MFPSMonitor.m in Sources */,
				8B195BD91F6125D7005D6321 /* MImageCropDelegateModel.m in Sources */,
				8B8BB9D21F34638F0071D0AF /* MHRefreshScrollView.m in Sources */,
				8B195B851F5F9C8D005D6321 /* MCameraController.m in Sources */,
				8B21F0131F4C49C7004C0508 /* YXCollectionViewCell.m in Sources */,
				8B21F00D1F4C49C7004C0508 /* YXAnnotationShapeView.m in Sources */,
				8B8BB9B21F342C550071D0AF /* UIWebView+MCache.m in Sources */,
			);
			runOnlyForDeploymentPostprocessing = 0;
		};
/* End PBXSourcesBuildPhase section */

/* Begin PBXVariantGroup section */
		8B5D20041F26F9E900DD1898 /* Main.storyboard */ = {
			isa = PBXVariantGroup;
			children = (
				8B5D20051F26F9E900DD1898 /* Base */,
			);
			name = Main.storyboard;
			sourceTree = "<group>";
		};
		8B5D20091F26F9E900DD1898 /* LaunchScreen.storyboard */ = {
			isa = PBXVariantGroup;
			children = (
				8B5D200A1F26F9E900DD1898 /* Base */,
			);
			name = LaunchScreen.storyboard;
			sourceTree = "<group>";
		};
/* End PBXVariantGroup section */

/* Begin XCBuildConfiguration section */
		8B5D200D1F26F9E900DD1898 /* Debug */ = {
			isa = XCBuildConfiguration;
			buildSettings = {
				ALWAYS_SEARCH_USER_PATHS = NO;
				CLANG_ANALYZER_NONNULL = YES;
				CLANG_ANALYZER_NUMBER_OBJECT_CONVERSION = YES_AGGRESSIVE;
				CLANG_CXX_LANGUAGE_STANDARD = "gnu++0x";
				CLANG_CXX_LIBRARY = "libc++";
				CLANG_ENABLE_MODULES = YES;
				CLANG_ENABLE_OBJC_ARC = YES;
				CLANG_WARN_BOOL_CONVERSION = YES;
				CLANG_WARN_CONSTANT_CONVERSION = YES;
				CLANG_WARN_DIRECT_OBJC_ISA_USAGE = YES_ERROR;
				CLANG_WARN_DOCUMENTATION_COMMENTS = YES;
				CLANG_WARN_EMPTY_BODY = YES;
				CLANG_WARN_ENUM_CONVERSION = YES;
				CLANG_WARN_INFINITE_RECURSION = YES;
				CLANG_WARN_INT_CONVERSION = YES;
				CLANG_WARN_OBJC_ROOT_CLASS = YES_ERROR;
				CLANG_WARN_SUSPICIOUS_MOVE = YES;
				CLANG_WARN_UNREACHABLE_CODE = YES;
				CLANG_WARN__DUPLICATE_METHOD_MATCH = YES;
				"CODE_SIGN_IDENTITY[sdk=iphoneos*]" = "iPhone Developer";
				COPY_PHASE_STRIP = NO;
				DEBUG_INFORMATION_FORMAT = dwarf;
				ENABLE_STRICT_OBJC_MSGSEND = YES;
				ENABLE_TESTABILITY = YES;
				GCC_C_LANGUAGE_STANDARD = gnu99;
				GCC_DYNAMIC_NO_PIC = NO;
				GCC_NO_COMMON_BLOCKS = YES;
				GCC_OPTIMIZATION_LEVEL = 0;
				GCC_PREPROCESSOR_DEFINITIONS = (
					"DEBUG=1",
					"$(inherited)",
				);
				GCC_WARN_64_TO_32_BIT_CONVERSION = YES;
				GCC_WARN_ABOUT_RETURN_TYPE = YES_ERROR;
				GCC_WARN_UNDECLARED_SELECTOR = YES;
				GCC_WARN_UNINITIALIZED_AUTOS = YES_AGGRESSIVE;
				GCC_WARN_UNUSED_FUNCTION = YES;
				GCC_WARN_UNUSED_VARIABLE = YES;
				IPHONEOS_DEPLOYMENT_TARGET = 10.3;
				MTL_ENABLE_DEBUG_INFO = YES;
				ONLY_ACTIVE_ARCH = YES;
				SDKROOT = iphoneos;
			};
			name = Debug;
		};
		8B5D200E1F26F9E900DD1898 /* Release */ = {
			isa = XCBuildConfiguration;
			buildSettings = {
				ALWAYS_SEARCH_USER_PATHS = NO;
				CLANG_ANALYZER_NONNULL = YES;
				CLANG_ANALYZER_NUMBER_OBJECT_CONVERSION = YES_AGGRESSIVE;
				CLANG_CXX_LANGUAGE_STANDARD = "gnu++0x";
				CLANG_CXX_LIBRARY = "libc++";
				CLANG_ENABLE_MODULES = YES;
				CLANG_ENABLE_OBJC_ARC = YES;
				CLANG_WARN_BOOL_CONVERSION = YES;
				CLANG_WARN_CONSTANT_CONVERSION = YES;
				CLANG_WARN_DIRECT_OBJC_ISA_USAGE = YES_ERROR;
				CLANG_WARN_DOCUMENTATION_COMMENTS = YES;
				CLANG_WARN_EMPTY_BODY = YES;
				CLANG_WARN_ENUM_CONVERSION = YES;
				CLANG_WARN_INFINITE_RECURSION = YES;
				CLANG_WARN_INT_CONVERSION = YES;
				CLANG_WARN_OBJC_ROOT_CLASS = YES_ERROR;
				CLANG_WARN_SUSPICIOUS_MOVE = YES;
				CLANG_WARN_UNREACHABLE_CODE = YES;
				CLANG_WARN__DUPLICATE_METHOD_MATCH = YES;
				"CODE_SIGN_IDENTITY[sdk=iphoneos*]" = "iPhone Developer";
				COPY_PHASE_STRIP = NO;
				DEBUG_INFORMATION_FORMAT = "dwarf-with-dsym";
				ENABLE_NS_ASSERTIONS = NO;
				ENABLE_STRICT_OBJC_MSGSEND = YES;
				GCC_C_LANGUAGE_STANDARD = gnu99;
				GCC_NO_COMMON_BLOCKS = YES;
				GCC_WARN_64_TO_32_BIT_CONVERSION = YES;
				GCC_WARN_ABOUT_RETURN_TYPE = YES_ERROR;
				GCC_WARN_UNDECLARED_SELECTOR = YES;
				GCC_WARN_UNINITIALIZED_AUTOS = YES_AGGRESSIVE;
				GCC_WARN_UNUSED_FUNCTION = YES;
				GCC_WARN_UNUSED_VARIABLE = YES;
				IPHONEOS_DEPLOYMENT_TARGET = 10.3;
				MTL_ENABLE_DEBUG_INFO = NO;
				SDKROOT = iphoneos;
				VALIDATE_PRODUCT = YES;
			};
			name = Release;
		};
		8B5D20101F26F9E900DD1898 /* Debug */ = {
			isa = XCBuildConfiguration;
			baseConfigurationReference = DE5F0F6E9648AF866E342514 /* Pods-MHRefresh.debug.xcconfig */;
			buildSettings = {
				ASSETCATALOG_COMPILER_APPICON_NAME = AppIcon;
				DEVELOPMENT_TEAM = UMJK262EWA;
				GCC_PREFIX_HEADER = "$(SRCROOT)/MHRefresh/MPrefixHeader.pch";
				HEADER_SEARCH_PATHS = "";
				INFOPLIST_FILE = MHRefresh/Info.plist;
				IPHONEOS_DEPLOYMENT_TARGET = 8.0;
				LD_RUNPATH_SEARCH_PATHS = "$(inherited) @executable_path/Frameworks";
				PRODUCT_BUNDLE_IDENTIFIER = com.pl.MHRefresh;
				PRODUCT_NAME = "$(TARGET_NAME)";
			};
			name = Debug;
		};
		8B5D20111F26F9E900DD1898 /* Release */ = {
			isa = XCBuildConfiguration;
			baseConfigurationReference = D6ED4287028751506AB7049B /* Pods-MHRefresh.release.xcconfig */;
			buildSettings = {
				ASSETCATALOG_COMPILER_APPICON_NAME = AppIcon;
				DEVELOPMENT_TEAM = UMJK262EWA;
				GCC_PREFIX_HEADER = "$(SRCROOT)/MHRefresh/MPrefixHeader.pch";
				HEADER_SEARCH_PATHS = "";
				INFOPLIST_FILE = MHRefresh/Info.plist;
				IPHONEOS_DEPLOYMENT_TARGET = 8.0;
				LD_RUNPATH_SEARCH_PATHS = "$(inherited) @executable_path/Frameworks";
				PRODUCT_BUNDLE_IDENTIFIER = com.pl.MHRefresh;
				PRODUCT_NAME = "$(TARGET_NAME)";
			};
			name = Release;
		};
/* End XCBuildConfiguration section */

/* Begin XCConfigurationList section */
		8B5D1FF31F26F9E900DD1898 /* Build configuration list for PBXProject "MHRefresh" */ = {
			isa = XCConfigurationList;
			buildConfigurations = (
				8B5D200D1F26F9E900DD1898 /* Debug */,
				8B5D200E1F26F9E900DD1898 /* Release */,
			);
			defaultConfigurationIsVisible = 0;
			defaultConfigurationName = Release;
		};
		8B5D200F1F26F9E900DD1898 /* Build configuration list for PBXNativeTarget "MHRefresh" */ = {
			isa = XCConfigurationList;
			buildConfigurations = (
				8B5D20101F26F9E900DD1898 /* Debug */,
				8B5D20111F26F9E900DD1898 /* Release */,
			);
			defaultConfigurationIsVisible = 0;
			defaultConfigurationName = Release;
		};
/* End XCConfigurationList section */
	};
	rootObject = 8B5D1FF01F26F9E900DD1898 /* Project object */;
}
